// !$*UTF8*$!
{
	archiveVersion = 1;
	classes = {
	};
	objectVersion = 56;
	objects = {

/* Begin PBXBuildFile section */
		FA08E1682C205B3400CF63A0 /* AppColor.swift in Sources */ = {isa = PBXBuildFile; fileRef = FA08E1672C205B3400CF63A0 /* AppColor.swift */; };
		FA08E2292C20675300CF63A0 /* CollectionViewCellProtocol.swift in Sources */ = {isa = PBXBuildFile; fileRef = FA08E2182C20675300CF63A0 /* CollectionViewCellProtocol.swift */; };
		FA08E22A2C20675300CF63A0 /* TableViewSection.swift in Sources */ = {isa = PBXBuildFile; fileRef = FA08E21A2C20675300CF63A0 /* TableViewSection.swift */; };
		FA08E22B2C20675300CF63A0 /* TableViewSectionProtocol.swift in Sources */ = {isa = PBXBuildFile; fileRef = FA08E21B2C20675300CF63A0 /* TableViewSectionProtocol.swift */; };
		FA08E22C2C20675300CF63A0 /* TableViewAdapter.swift in Sources */ = {isa = PBXBuildFile; fileRef = FA08E21D2C20675300CF63A0 /* TableViewAdapter.swift */; };
		FA08E22D2C20675300CF63A0 /* CellConfigurableProtocol.swift in Sources */ = {isa = PBXBuildFile; fileRef = FA08E21F2C20675300CF63A0 /* CellConfigurableProtocol.swift */; };
		FA08E22E2C20675300CF63A0 /* CellIdentifiableProtocol.swift in Sources */ = {isa = PBXBuildFile; fileRef = FA08E2202C20675300CF63A0 /* CellIdentifiableProtocol.swift */; };
		FA08E22F2C20675300CF63A0 /* UINavigationController + Extension.swift in Sources */ = {isa = PBXBuildFile; fileRef = FA08E2222C20675300CF63A0 /* UINavigationController + Extension.swift */; };
		FA08E2302C20675300CF63A0 /* UITableView + Extension.swift in Sources */ = {isa = PBXBuildFile; fileRef = FA08E2232C20675300CF63A0 /* UITableView + Extension.swift */; };
		FA08E2312C20675300CF63A0 /* UIView + Extension.swift in Sources */ = {isa = PBXBuildFile; fileRef = FA08E2242C20675300CF63A0 /* UIView + Extension.swift */; };
		FA08E2322C20675300CF63A0 /* UIViewController + Extension.swift in Sources */ = {isa = PBXBuildFile; fileRef = FA08E2252C20675300CF63A0 /* UIViewController + Extension.swift */; };
		FA08E2332C20675300CF63A0 /* ModuleTransitionableProtocol.swift in Sources */ = {isa = PBXBuildFile; fileRef = FA08E2272C20675300CF63A0 /* ModuleTransitionableProtocol.swift */; };
		FA08E2372C20678F00CF63A0 /* StandartButton.swift in Sources */ = {isa = PBXBuildFile; fileRef = FA08E2352C20678F00CF63A0 /* StandartButton.swift */; };
		FA08E2382C20678F00CF63A0 /* StandartTextField.swift in Sources */ = {isa = PBXBuildFile; fileRef = FA08E2362C20678F00CF63A0 /* StandartTextField.swift */; };
		FA08E23A2C2067EA00CF63A0 /* UIColor + Extension.swift in Sources */ = {isa = PBXBuildFile; fileRef = FA08E2392C2067EA00CF63A0 /* UIColor + Extension.swift */; };
		FA08E2402C2074A100CF63A0 /* CitySearchTableViewController.swift in Sources */ = {isa = PBXBuildFile; fileRef = FA08E23F2C2074A100CF63A0 /* CitySearchTableViewController.swift */; };
		FA08E2432C20761100CF63A0 /* SearchController.swift in Sources */ = {isa = PBXBuildFile; fileRef = FA08E2422C20761100CF63A0 /* SearchController.swift */; };
		FA08E2472C208DD600CF63A0 /* CitySearchPresenter.swift in Sources */ = {isa = PBXBuildFile; fileRef = FA08E2462C208DD600CF63A0 /* CitySearchPresenter.swift */; };
		FA08E2492C208DEB00CF63A0 /* CitySearchModuleConfigurator.swift in Sources */ = {isa = PBXBuildFile; fileRef = FA08E2482C208DEB00CF63A0 /* CitySearchModuleConfigurator.swift */; };
		FA08E24B2C208E3500CF63A0 /* CitySearchPresenterProtocol.swift in Sources */ = {isa = PBXBuildFile; fileRef = FA08E24A2C208E3500CF63A0 /* CitySearchPresenterProtocol.swift */; };
		FA08E24D2C208E4200CF63A0 /* CitySearchViewProtocol.swift in Sources */ = {isa = PBXBuildFile; fileRef = FA08E24C2C208E4200CF63A0 /* CitySearchViewProtocol.swift */; };
		FA08E2502C208F2E00CF63A0 /* CitySearchRouterProtocol.swift in Sources */ = {isa = PBXBuildFile; fileRef = FA08E24F2C208F2E00CF63A0 /* CitySearchRouterProtocol.swift */; };
		FA08E2522C208F3800CF63A0 /* CitySearchRouter.swift in Sources */ = {isa = PBXBuildFile; fileRef = FA08E2512C208F3800CF63A0 /* CitySearchRouter.swift */; };
		FA08E2552C2090B600CF63A0 /* LocationServiceProtocol.swift in Sources */ = {isa = PBXBuildFile; fileRef = FA08E2542C2090B600CF63A0 /* LocationServiceProtocol.swift */; };
		FA08E2592C20967700CF63A0 /* CitySearchViewModel.swift in Sources */ = {isa = PBXBuildFile; fileRef = FA08E2582C20967700CF63A0 /* CitySearchViewModel.swift */; };
		FA08E25B2C20973D00CF63A0 /* TableHeaderFooterProtocol.swift in Sources */ = {isa = PBXBuildFile; fileRef = FA08E25A2C20973D00CF63A0 /* TableHeaderFooterProtocol.swift */; };
		FA08E25D2C209E5200CF63A0 /* CitySearchViewStaticStrings.swift in Sources */ = {isa = PBXBuildFile; fileRef = FA08E25C2C209E5200CF63A0 /* CitySearchViewStaticStrings.swift */; };
		FA08E25F2C219B5900CF63A0 /* UISearchBar + Extension.swift in Sources */ = {isa = PBXBuildFile; fileRef = FA08E25E2C219B5900CF63A0 /* UISearchBar + Extension.swift */; };
		FA08E2652C21E18B00CF63A0 /* SectionHeaderView.swift in Sources */ = {isa = PBXBuildFile; fileRef = FA08E2642C21E18B00CF63A0 /* SectionHeaderView.swift */; };
		FA08E2672C21E28100CF63A0 /* SectionHeaderModel.swift in Sources */ = {isa = PBXBuildFile; fileRef = FA08E2662C21E28100CF63A0 /* SectionHeaderModel.swift */; };
		FA08E2692C21E49A00CF63A0 /* PlaceTableViewCell.swift in Sources */ = {isa = PBXBuildFile; fileRef = FA08E2682C21E49A00CF63A0 /* PlaceTableViewCell.swift */; };
		FA08E26B2C21E4B000CF63A0 /* CurrentWeatherTableViewCell.swift in Sources */ = {isa = PBXBuildFile; fileRef = FA08E26A2C21E4B000CF63A0 /* CurrentWeatherTableViewCell.swift */; };
		FA08E26D2C21E4BB00CF63A0 /* PlaceCellModel.swift in Sources */ = {isa = PBXBuildFile; fileRef = FA08E26C2C21E4BB00CF63A0 /* PlaceCellModel.swift */; };
		FA08E26F2C21E4D100CF63A0 /* CurrentWeatherCellModel.swift in Sources */ = {isa = PBXBuildFile; fileRef = FA08E26E2C21E4D100CF63A0 /* CurrentWeatherCellModel.swift */; };
		FA08E2712C22440900CF63A0 /* TableViewSectionHeaderFooterProtocol.swift in Sources */ = {isa = PBXBuildFile; fileRef = FA08E2702C22440900CF63A0 /* TableViewSectionHeaderFooterProtocol.swift */; };
		FA08E2732C22444100CF63A0 /* TableViewSectionHeaderFooter.swift in Sources */ = {isa = PBXBuildFile; fileRef = FA08E2722C22444100CF63A0 /* TableViewSectionHeaderFooter.swift */; };
		FA2A36172C2385D800267BE4 /* HidebleSectionHeaderView.swift in Sources */ = {isa = PBXBuildFile; fileRef = FA2A36162C2385D800267BE4 /* HidebleSectionHeaderView.swift */; };
		FA2A36192C2385ED00267BE4 /* HidebleSectionHeaderModel.swift in Sources */ = {isa = PBXBuildFile; fileRef = FA2A36182C2385ED00267BE4 /* HidebleSectionHeaderModel.swift */; };
		FA2A361B2C23A22E00267BE4 /* ApiKeys.swift in Sources */ = {isa = PBXBuildFile; fileRef = FA2A361A2C23A22E00267BE4 /* ApiKeys.swift */; };
		FA2A361D2C23A3B300267BE4 /* GeocodeResponse.swift in Sources */ = {isa = PBXBuildFile; fileRef = FA2A361C2C23A3B300267BE4 /* GeocodeResponse.swift */; };
		FA2A36202C24471D00267BE4 /* WeatherAppDataModel.xcdatamodeld in Sources */ = {isa = PBXBuildFile; fileRef = FA2A361E2C24471C00267BE4 /* WeatherAppDataModel.xcdatamodeld */; };
		FA2A36262C24480500267BE4 /* CoreDataStack.swift in Sources */ = {isa = PBXBuildFile; fileRef = FA2A36252C24480500267BE4 /* CoreDataStack.swift */; };
		FA2A36282C2448E000267BE4 /* GeoObjectPersistentService.swift in Sources */ = {isa = PBXBuildFile; fileRef = FA2A36272C2448E000267BE4 /* GeoObjectPersistentService.swift */; };
		FA2A362A2C2449FF00267BE4 /* CoreDataStackProtocol.swift in Sources */ = {isa = PBXBuildFile; fileRef = FA2A36292C2449FF00267BE4 /* CoreDataStackProtocol.swift */; };
		FA2A362C2C244AAC00267BE4 /* GeoObjectServiceProtocol.swift in Sources */ = {isa = PBXBuildFile; fileRef = FA2A362B2C244AAC00267BE4 /* GeoObjectServiceProtocol.swift */; };
		FA2A362E2C244F9000267BE4 /* GeocoderNetworkServiceProtocol.swift in Sources */ = {isa = PBXBuildFile; fileRef = FA2A362D2C244F9000267BE4 /* GeocoderNetworkServiceProtocol.swift */; };
		FA2A36312C24E2A100267BE4 /* APINetworkManager.swift in Sources */ = {isa = PBXBuildFile; fileRef = FA2A36302C24E2A100267BE4 /* APINetworkManager.swift */; };
		FA2A36332C24E2D700267BE4 /* GeocodeAPIEndpoint.swift in Sources */ = {isa = PBXBuildFile; fileRef = FA2A36322C24E2D700267BE4 /* GeocodeAPIEndpoint.swift */; };
		FA2A36352C24E30800267BE4 /* APIEndpointProtocol.swift in Sources */ = {isa = PBXBuildFile; fileRef = FA2A36342C24E30800267BE4 /* APIEndpointProtocol.swift */; };
		FA2A36372C24EEB000267BE4 /* YandexWeatherAPIEndpoint.swift in Sources */ = {isa = PBXBuildFile; fileRef = FA2A36362C24EEB000267BE4 /* YandexWeatherAPIEndpoint.swift */; };
		FA2A363C2C25926500267BE4 /* OpenMeteoNetworkServiceProtocol.swift in Sources */ = {isa = PBXBuildFile; fileRef = FA2A363B2C25926500267BE4 /* OpenMeteoNetworkServiceProtocol.swift */; };
		FA2A363E2C25927300267BE4 /* OpenMeteoNetworkService.swift in Sources */ = {isa = PBXBuildFile; fileRef = FA2A363D2C25927300267BE4 /* OpenMeteoNetworkService.swift */; };
		FA2A36402C25927F00267BE4 /* OpenMeteoAPIEndpoint.swift in Sources */ = {isa = PBXBuildFile; fileRef = FA2A363F2C25927F00267BE4 /* OpenMeteoAPIEndpoint.swift */; };
		FA2A36422C25928E00267BE4 /* OpenMeteoWeatherResponse.swift in Sources */ = {isa = PBXBuildFile; fileRef = FA2A36412C25928E00267BE4 /* OpenMeteoWeatherResponse.swift */; };
		FA2C78662BA7863C00FB9D64 /* FontLibrary.swift in Sources */ = {isa = PBXBuildFile; fileRef = FA2C78652BA7863C00FB9D64 /* FontLibrary.swift */; };
		FA5C59052B56AC04005073D3 /* CityWeatherViewController.swift in Sources */ = {isa = PBXBuildFile; fileRef = FA5C59042B56AC04005073D3 /* CityWeatherViewController.swift */; };
		FA5C59072B56AC2F005073D3 /* CityWeatherPresenter.swift in Sources */ = {isa = PBXBuildFile; fileRef = FA5C59062B56AC2F005073D3 /* CityWeatherPresenter.swift */; };
		FA5C59092B56AC46005073D3 /* CityWeatherRouter.swift in Sources */ = {isa = PBXBuildFile; fileRef = FA5C59082B56AC46005073D3 /* CityWeatherRouter.swift */; };
		FA5C590B2B56AC5E005073D3 /* CityWeatherModuleConfigurator.swift in Sources */ = {isa = PBXBuildFile; fileRef = FA5C590A2B56AC5E005073D3 /* CityWeatherModuleConfigurator.swift */; };
		FA5C590D2B56AD30005073D3 /* CityWeatherModuleOutput.swift in Sources */ = {isa = PBXBuildFile; fileRef = FA5C590C2B56AD30005073D3 /* CityWeatherModuleOutput.swift */; };
		FA5C590F2B56AD47005073D3 /* CityWeatherModuleInput.swift in Sources */ = {isa = PBXBuildFile; fileRef = FA5C590E2B56AD47005073D3 /* CityWeatherModuleInput.swift */; };
		FA5C59132B56AD86005073D3 /* CityWeatherPresenterModel.swift in Sources */ = {isa = PBXBuildFile; fileRef = FA5C59122B56AD86005073D3 /* CityWeatherPresenterModel.swift */; };
		FA5C59152B56AE00005073D3 /* CityWeatherRouterInput.swift in Sources */ = {isa = PBXBuildFile; fileRef = FA5C59142B56AE00005073D3 /* CityWeatherRouterInput.swift */; };
		FA5C59172B56AE7A005073D3 /* CityWeatherViewInput.swift in Sources */ = {isa = PBXBuildFile; fileRef = FA5C59162B56AE7A005073D3 /* CityWeatherViewInput.swift */; };
		FA5C59192B56AE89005073D3 /* CityWeatherViewOutput.swift in Sources */ = {isa = PBXBuildFile; fileRef = FA5C59182B56AE89005073D3 /* CityWeatherViewOutput.swift */; };
		FA7D32232B8DEB4C0060A42B /* LocationServiceDelegate.swift in Sources */ = {isa = PBXBuildFile; fileRef = FA7D32222B8DEB4C0060A42B /* LocationServiceDelegate.swift */; };
		FA7D32252B8DEB6C0060A42B /* LocationModel.swift in Sources */ = {isa = PBXBuildFile; fileRef = FA7D32242B8DEB6C0060A42B /* LocationModel.swift */; };
		FA892C322B6BA42C000D9298 /* SuggestNetworkService.swift in Sources */ = {isa = PBXBuildFile; fileRef = FA892C312B6BA42C000D9298 /* SuggestNetworkService.swift */; };
		FA892C342B6BA449000D9298 /* YandexWeatherNetworkService.swift in Sources */ = {isa = PBXBuildFile; fileRef = FA892C332B6BA449000D9298 /* YandexWeatherNetworkService.swift */; };
		FA892C362B6BA4E7000D9298 /* GeocoderNetworkService.swift in Sources */ = {isa = PBXBuildFile; fileRef = FA892C352B6BA4E7000D9298 /* GeocoderNetworkService.swift */; };
		FA892C3B2B6CCF7F000D9298 /* SuggestNetworkServiceProtocol.swift in Sources */ = {isa = PBXBuildFile; fileRef = FA892C3A2B6CCF7F000D9298 /* SuggestNetworkServiceProtocol.swift */; };
		FA892C3E2B6CD10E000D9298 /* YandexAPIWeatherResponse.swift in Sources */ = {isa = PBXBuildFile; fileRef = FA892C3D2B6CD10E000D9298 /* YandexAPIWeatherResponse.swift */; };
		FA892C442B6D79C0000D9298 /* Suggest.swift in Sources */ = {isa = PBXBuildFile; fileRef = FA892C432B6D79C0000D9298 /* Suggest.swift */; };
		FA892C482B6F83C8000D9298 /* APIErrors.swift in Sources */ = {isa = PBXBuildFile; fileRef = FA892C472B6F83C8000D9298 /* APIErrors.swift */; };
		FA892C4F2B6FBFD4000D9298 /* YandexWeatherNetworkServiceProtocol.swift in Sources */ = {isa = PBXBuildFile; fileRef = FA892C4E2B6FBFD4000D9298 /* YandexWeatherNetworkServiceProtocol.swift */; };
		FA892C532B6FCF8A000D9298 /* LocationService.swift in Sources */ = {isa = PBXBuildFile; fileRef = FA892C522B6FCF8A000D9298 /* LocationService.swift */; };
		FAAEF83A2B51FEED00AF1A7D /* SceneDelegate.swift in Sources */ = {isa = PBXBuildFile; fileRef = FAAEF8392B51FEED00AF1A7D /* SceneDelegate.swift */; };
		FADBCA9F2AA39E4B00A28511 /* AppDelegate.swift in Sources */ = {isa = PBXBuildFile; fileRef = FADBCA9E2AA39E4B00A28511 /* AppDelegate.swift */; };
		FADBCAA82AA39E4C00A28511 /* Assets.xcassets in Resources */ = {isa = PBXBuildFile; fileRef = FADBCAA72AA39E4C00A28511 /* Assets.xcassets */; };
		FADBCAAB2AA39E4C00A28511 /* LaunchScreen.storyboard in Resources */ = {isa = PBXBuildFile; fileRef = FADBCAA92AA39E4C00A28511 /* LaunchScreen.storyboard */; };
/* End PBXBuildFile section */

/* Begin PBXFileReference section */
		FA08E1672C205B3400CF63A0 /* AppColor.swift */ = {isa = PBXFileReference; lastKnownFileType = sourcecode.swift; path = AppColor.swift; sourceTree = "<group>"; };
		FA08E2182C20675300CF63A0 /* CollectionViewCellProtocol.swift */ = {isa = PBXFileReference; fileEncoding = 4; lastKnownFileType = sourcecode.swift; path = CollectionViewCellProtocol.swift; sourceTree = "<group>"; };
		FA08E21A2C20675300CF63A0 /* TableViewSection.swift */ = {isa = PBXFileReference; fileEncoding = 4; lastKnownFileType = sourcecode.swift; path = TableViewSection.swift; sourceTree = "<group>"; };
		FA08E21B2C20675300CF63A0 /* TableViewSectionProtocol.swift */ = {isa = PBXFileReference; fileEncoding = 4; lastKnownFileType = sourcecode.swift; path = TableViewSectionProtocol.swift; sourceTree = "<group>"; };
		FA08E21D2C20675300CF63A0 /* TableViewAdapter.swift */ = {isa = PBXFileReference; fileEncoding = 4; lastKnownFileType = sourcecode.swift; path = TableViewAdapter.swift; sourceTree = "<group>"; };
		FA08E21F2C20675300CF63A0 /* CellConfigurableProtocol.swift */ = {isa = PBXFileReference; fileEncoding = 4; lastKnownFileType = sourcecode.swift; path = CellConfigurableProtocol.swift; sourceTree = "<group>"; };
		FA08E2202C20675300CF63A0 /* CellIdentifiableProtocol.swift */ = {isa = PBXFileReference; fileEncoding = 4; lastKnownFileType = sourcecode.swift; path = CellIdentifiableProtocol.swift; sourceTree = "<group>"; };
		FA08E2222C20675300CF63A0 /* UINavigationController + Extension.swift */ = {isa = PBXFileReference; fileEncoding = 4; lastKnownFileType = sourcecode.swift; path = "UINavigationController + Extension.swift"; sourceTree = "<group>"; };
		FA08E2232C20675300CF63A0 /* UITableView + Extension.swift */ = {isa = PBXFileReference; fileEncoding = 4; lastKnownFileType = sourcecode.swift; path = "UITableView + Extension.swift"; sourceTree = "<group>"; };
		FA08E2242C20675300CF63A0 /* UIView + Extension.swift */ = {isa = PBXFileReference; fileEncoding = 4; lastKnownFileType = sourcecode.swift; path = "UIView + Extension.swift"; sourceTree = "<group>"; };
		FA08E2252C20675300CF63A0 /* UIViewController + Extension.swift */ = {isa = PBXFileReference; fileEncoding = 4; lastKnownFileType = sourcecode.swift; path = "UIViewController + Extension.swift"; sourceTree = "<group>"; };
		FA08E2272C20675300CF63A0 /* ModuleTransitionableProtocol.swift */ = {isa = PBXFileReference; fileEncoding = 4; lastKnownFileType = sourcecode.swift; path = ModuleTransitionableProtocol.swift; sourceTree = "<group>"; };
		FA08E2352C20678F00CF63A0 /* StandartButton.swift */ = {isa = PBXFileReference; fileEncoding = 4; lastKnownFileType = sourcecode.swift; path = StandartButton.swift; sourceTree = "<group>"; };
		FA08E2362C20678F00CF63A0 /* StandartTextField.swift */ = {isa = PBXFileReference; fileEncoding = 4; lastKnownFileType = sourcecode.swift; path = StandartTextField.swift; sourceTree = "<group>"; };
		FA08E2392C2067EA00CF63A0 /* UIColor + Extension.swift */ = {isa = PBXFileReference; fileEncoding = 4; lastKnownFileType = sourcecode.swift; path = "UIColor + Extension.swift"; sourceTree = "<group>"; };
		FA08E23F2C2074A100CF63A0 /* CitySearchTableViewController.swift */ = {isa = PBXFileReference; lastKnownFileType = sourcecode.swift; path = CitySearchTableViewController.swift; sourceTree = "<group>"; };
		FA08E2422C20761100CF63A0 /* SearchController.swift */ = {isa = PBXFileReference; lastKnownFileType = sourcecode.swift; path = SearchController.swift; sourceTree = "<group>"; };
		FA08E2462C208DD600CF63A0 /* CitySearchPresenter.swift */ = {isa = PBXFileReference; lastKnownFileType = sourcecode.swift; path = CitySearchPresenter.swift; sourceTree = "<group>"; };
		FA08E2482C208DEB00CF63A0 /* CitySearchModuleConfigurator.swift */ = {isa = PBXFileReference; lastKnownFileType = sourcecode.swift; path = CitySearchModuleConfigurator.swift; sourceTree = "<group>"; };
		FA08E24A2C208E3500CF63A0 /* CitySearchPresenterProtocol.swift */ = {isa = PBXFileReference; lastKnownFileType = sourcecode.swift; path = CitySearchPresenterProtocol.swift; sourceTree = "<group>"; };
		FA08E24C2C208E4200CF63A0 /* CitySearchViewProtocol.swift */ = {isa = PBXFileReference; lastKnownFileType = sourcecode.swift; path = CitySearchViewProtocol.swift; sourceTree = "<group>"; };
		FA08E24F2C208F2E00CF63A0 /* CitySearchRouterProtocol.swift */ = {isa = PBXFileReference; lastKnownFileType = sourcecode.swift; path = CitySearchRouterProtocol.swift; sourceTree = "<group>"; };
		FA08E2512C208F3800CF63A0 /* CitySearchRouter.swift */ = {isa = PBXFileReference; lastKnownFileType = sourcecode.swift; path = CitySearchRouter.swift; sourceTree = "<group>"; };
		FA08E2542C2090B600CF63A0 /* LocationServiceProtocol.swift */ = {isa = PBXFileReference; lastKnownFileType = sourcecode.swift; path = LocationServiceProtocol.swift; sourceTree = "<group>"; };
		FA08E2582C20967700CF63A0 /* CitySearchViewModel.swift */ = {isa = PBXFileReference; lastKnownFileType = sourcecode.swift; path = CitySearchViewModel.swift; sourceTree = "<group>"; };
		FA08E25A2C20973D00CF63A0 /* TableHeaderFooterProtocol.swift */ = {isa = PBXFileReference; lastKnownFileType = sourcecode.swift; path = TableHeaderFooterProtocol.swift; sourceTree = "<group>"; };
		FA08E25C2C209E5200CF63A0 /* CitySearchViewStaticStrings.swift */ = {isa = PBXFileReference; lastKnownFileType = sourcecode.swift; path = CitySearchViewStaticStrings.swift; sourceTree = "<group>"; };
		FA08E25E2C219B5900CF63A0 /* UISearchBar + Extension.swift */ = {isa = PBXFileReference; lastKnownFileType = sourcecode.swift; path = "UISearchBar + Extension.swift"; sourceTree = "<group>"; };
		FA08E2642C21E18B00CF63A0 /* SectionHeaderView.swift */ = {isa = PBXFileReference; lastKnownFileType = sourcecode.swift; path = SectionHeaderView.swift; sourceTree = "<group>"; };
		FA08E2662C21E28100CF63A0 /* SectionHeaderModel.swift */ = {isa = PBXFileReference; lastKnownFileType = sourcecode.swift; path = SectionHeaderModel.swift; sourceTree = "<group>"; };
		FA08E2682C21E49A00CF63A0 /* PlaceTableViewCell.swift */ = {isa = PBXFileReference; lastKnownFileType = sourcecode.swift; path = PlaceTableViewCell.swift; sourceTree = "<group>"; };
		FA08E26A2C21E4B000CF63A0 /* CurrentWeatherTableViewCell.swift */ = {isa = PBXFileReference; lastKnownFileType = sourcecode.swift; path = CurrentWeatherTableViewCell.swift; sourceTree = "<group>"; };
		FA08E26C2C21E4BB00CF63A0 /* PlaceCellModel.swift */ = {isa = PBXFileReference; lastKnownFileType = sourcecode.swift; path = PlaceCellModel.swift; sourceTree = "<group>"; };
		FA08E26E2C21E4D100CF63A0 /* CurrentWeatherCellModel.swift */ = {isa = PBXFileReference; lastKnownFileType = sourcecode.swift; path = CurrentWeatherCellModel.swift; sourceTree = "<group>"; };
		FA08E2702C22440900CF63A0 /* TableViewSectionHeaderFooterProtocol.swift */ = {isa = PBXFileReference; lastKnownFileType = sourcecode.swift; path = TableViewSectionHeaderFooterProtocol.swift; sourceTree = "<group>"; };
		FA08E2722C22444100CF63A0 /* TableViewSectionHeaderFooter.swift */ = {isa = PBXFileReference; lastKnownFileType = sourcecode.swift; path = TableViewSectionHeaderFooter.swift; sourceTree = "<group>"; };
		FA2A36162C2385D800267BE4 /* HidebleSectionHeaderView.swift */ = {isa = PBXFileReference; lastKnownFileType = sourcecode.swift; path = HidebleSectionHeaderView.swift; sourceTree = "<group>"; };
		FA2A36182C2385ED00267BE4 /* HidebleSectionHeaderModel.swift */ = {isa = PBXFileReference; lastKnownFileType = sourcecode.swift; path = HidebleSectionHeaderModel.swift; sourceTree = "<group>"; };
		FA2A361A2C23A22E00267BE4 /* ApiKeys.swift */ = {isa = PBXFileReference; lastKnownFileType = sourcecode.swift; path = ApiKeys.swift; sourceTree = "<group>"; };
		FA2A361C2C23A3B300267BE4 /* GeocodeResponse.swift */ = {isa = PBXFileReference; lastKnownFileType = sourcecode.swift; path = GeocodeResponse.swift; sourceTree = "<group>"; };
		FA2A361F2C24471D00267BE4 /* WeatherAppDataModel.xcdatamodel */ = {isa = PBXFileReference; lastKnownFileType = wrapper.xcdatamodel; path = WeatherAppDataModel.xcdatamodel; sourceTree = "<group>"; };
		FA2A36252C24480500267BE4 /* CoreDataStack.swift */ = {isa = PBXFileReference; lastKnownFileType = sourcecode.swift; path = CoreDataStack.swift; sourceTree = "<group>"; };
		FA2A36272C2448E000267BE4 /* GeoObjectPersistentService.swift */ = {isa = PBXFileReference; lastKnownFileType = sourcecode.swift; path = GeoObjectPersistentService.swift; sourceTree = "<group>"; };
		FA2A36292C2449FF00267BE4 /* CoreDataStackProtocol.swift */ = {isa = PBXFileReference; lastKnownFileType = sourcecode.swift; path = CoreDataStackProtocol.swift; sourceTree = "<group>"; };
		FA2A362B2C244AAC00267BE4 /* GeoObjectServiceProtocol.swift */ = {isa = PBXFileReference; lastKnownFileType = sourcecode.swift; path = GeoObjectServiceProtocol.swift; sourceTree = "<group>"; };
		FA2A362D2C244F9000267BE4 /* GeocoderNetworkServiceProtocol.swift */ = {isa = PBXFileReference; lastKnownFileType = sourcecode.swift; path = GeocoderNetworkServiceProtocol.swift; sourceTree = "<group>"; };
		FA2A36302C24E2A100267BE4 /* APINetworkManager.swift */ = {isa = PBXFileReference; lastKnownFileType = sourcecode.swift; path = APINetworkManager.swift; sourceTree = "<group>"; };
		FA2A36322C24E2D700267BE4 /* GeocodeAPIEndpoint.swift */ = {isa = PBXFileReference; lastKnownFileType = sourcecode.swift; path = GeocodeAPIEndpoint.swift; sourceTree = "<group>"; };
		FA2A36342C24E30800267BE4 /* APIEndpointProtocol.swift */ = {isa = PBXFileReference; lastKnownFileType = sourcecode.swift; path = APIEndpointProtocol.swift; sourceTree = "<group>"; };
		FA2A36362C24EEB000267BE4 /* YandexWeatherAPIEndpoint.swift */ = {isa = PBXFileReference; lastKnownFileType = sourcecode.swift; path = YandexWeatherAPIEndpoint.swift; sourceTree = "<group>"; };
		FA2A363B2C25926500267BE4 /* OpenMeteoNetworkServiceProtocol.swift */ = {isa = PBXFileReference; lastKnownFileType = sourcecode.swift; path = OpenMeteoNetworkServiceProtocol.swift; sourceTree = "<group>"; };
		FA2A363D2C25927300267BE4 /* OpenMeteoNetworkService.swift */ = {isa = PBXFileReference; lastKnownFileType = sourcecode.swift; path = OpenMeteoNetworkService.swift; sourceTree = "<group>"; };
		FA2A363F2C25927F00267BE4 /* OpenMeteoAPIEndpoint.swift */ = {isa = PBXFileReference; lastKnownFileType = sourcecode.swift; path = OpenMeteoAPIEndpoint.swift; sourceTree = "<group>"; };
		FA2A36412C25928E00267BE4 /* OpenMeteoWeatherResponse.swift */ = {isa = PBXFileReference; lastKnownFileType = sourcecode.swift; path = OpenMeteoWeatherResponse.swift; sourceTree = "<group>"; };
		FA2C78652BA7863C00FB9D64 /* FontLibrary.swift */ = {isa = PBXFileReference; lastKnownFileType = sourcecode.swift; path = FontLibrary.swift; sourceTree = "<group>"; };
		FA5C59042B56AC04005073D3 /* CityWeatherViewController.swift */ = {isa = PBXFileReference; lastKnownFileType = sourcecode.swift; path = CityWeatherViewController.swift; sourceTree = "<group>"; };
		FA5C59062B56AC2F005073D3 /* CityWeatherPresenter.swift */ = {isa = PBXFileReference; lastKnownFileType = sourcecode.swift; path = CityWeatherPresenter.swift; sourceTree = "<group>"; };
		FA5C59082B56AC46005073D3 /* CityWeatherRouter.swift */ = {isa = PBXFileReference; lastKnownFileType = sourcecode.swift; path = CityWeatherRouter.swift; sourceTree = "<group>"; };
		FA5C590A2B56AC5E005073D3 /* CityWeatherModuleConfigurator.swift */ = {isa = PBXFileReference; lastKnownFileType = sourcecode.swift; path = CityWeatherModuleConfigurator.swift; sourceTree = "<group>"; };
		FA5C590C2B56AD30005073D3 /* CityWeatherModuleOutput.swift */ = {isa = PBXFileReference; lastKnownFileType = sourcecode.swift; path = CityWeatherModuleOutput.swift; sourceTree = "<group>"; };
		FA5C590E2B56AD47005073D3 /* CityWeatherModuleInput.swift */ = {isa = PBXFileReference; lastKnownFileType = sourcecode.swift; path = CityWeatherModuleInput.swift; sourceTree = "<group>"; };
		FA5C59122B56AD86005073D3 /* CityWeatherPresenterModel.swift */ = {isa = PBXFileReference; lastKnownFileType = sourcecode.swift; path = CityWeatherPresenterModel.swift; sourceTree = "<group>"; };
		FA5C59142B56AE00005073D3 /* CityWeatherRouterInput.swift */ = {isa = PBXFileReference; lastKnownFileType = sourcecode.swift; path = CityWeatherRouterInput.swift; sourceTree = "<group>"; };
		FA5C59162B56AE7A005073D3 /* CityWeatherViewInput.swift */ = {isa = PBXFileReference; lastKnownFileType = sourcecode.swift; path = CityWeatherViewInput.swift; sourceTree = "<group>"; };
		FA5C59182B56AE89005073D3 /* CityWeatherViewOutput.swift */ = {isa = PBXFileReference; lastKnownFileType = sourcecode.swift; path = CityWeatherViewOutput.swift; sourceTree = "<group>"; };
		FA7D32222B8DEB4C0060A42B /* LocationServiceDelegate.swift */ = {isa = PBXFileReference; lastKnownFileType = sourcecode.swift; path = LocationServiceDelegate.swift; sourceTree = "<group>"; };
		FA7D32242B8DEB6C0060A42B /* LocationModel.swift */ = {isa = PBXFileReference; lastKnownFileType = sourcecode.swift; path = LocationModel.swift; sourceTree = "<group>"; };
		FA892C312B6BA42C000D9298 /* SuggestNetworkService.swift */ = {isa = PBXFileReference; lastKnownFileType = sourcecode.swift; path = SuggestNetworkService.swift; sourceTree = "<group>"; };
		FA892C332B6BA449000D9298 /* YandexWeatherNetworkService.swift */ = {isa = PBXFileReference; lastKnownFileType = sourcecode.swift; path = YandexWeatherNetworkService.swift; sourceTree = "<group>"; };
		FA892C352B6BA4E7000D9298 /* GeocoderNetworkService.swift */ = {isa = PBXFileReference; lastKnownFileType = sourcecode.swift; path = GeocoderNetworkService.swift; sourceTree = "<group>"; };
		FA892C3A2B6CCF7F000D9298 /* SuggestNetworkServiceProtocol.swift */ = {isa = PBXFileReference; lastKnownFileType = sourcecode.swift; path = SuggestNetworkServiceProtocol.swift; sourceTree = "<group>"; };
		FA892C3D2B6CD10E000D9298 /* YandexAPIWeatherResponse.swift */ = {isa = PBXFileReference; lastKnownFileType = sourcecode.swift; path = YandexAPIWeatherResponse.swift; sourceTree = "<group>"; };
		FA892C432B6D79C0000D9298 /* Suggest.swift */ = {isa = PBXFileReference; lastKnownFileType = sourcecode.swift; path = Suggest.swift; sourceTree = "<group>"; };
		FA892C472B6F83C8000D9298 /* APIErrors.swift */ = {isa = PBXFileReference; lastKnownFileType = sourcecode.swift; path = APIErrors.swift; sourceTree = "<group>"; };
		FA892C4E2B6FBFD4000D9298 /* YandexWeatherNetworkServiceProtocol.swift */ = {isa = PBXFileReference; lastKnownFileType = sourcecode.swift; path = YandexWeatherNetworkServiceProtocol.swift; sourceTree = "<group>"; };
		FA892C522B6FCF8A000D9298 /* LocationService.swift */ = {isa = PBXFileReference; lastKnownFileType = sourcecode.swift; path = LocationService.swift; sourceTree = "<group>"; };
		FAAEF8392B51FEED00AF1A7D /* SceneDelegate.swift */ = {isa = PBXFileReference; lastKnownFileType = sourcecode.swift; path = SceneDelegate.swift; sourceTree = "<group>"; };
		FADBCA9B2AA39E4B00A28511 /* WeatherApp.app */ = {isa = PBXFileReference; explicitFileType = wrapper.application; includeInIndex = 0; path = WeatherApp.app; sourceTree = BUILT_PRODUCTS_DIR; };
		FADBCA9E2AA39E4B00A28511 /* AppDelegate.swift */ = {isa = PBXFileReference; lastKnownFileType = sourcecode.swift; path = AppDelegate.swift; sourceTree = "<group>"; };
		FADBCAA72AA39E4C00A28511 /* Assets.xcassets */ = {isa = PBXFileReference; lastKnownFileType = folder.assetcatalog; path = Assets.xcassets; sourceTree = "<group>"; };
		FADBCAAA2AA39E4C00A28511 /* Base */ = {isa = PBXFileReference; lastKnownFileType = file.storyboard; name = Base; path = Base.lproj/LaunchScreen.storyboard; sourceTree = "<group>"; };
		FADBCAAC2AA39E4C00A28511 /* Info.plist */ = {isa = PBXFileReference; lastKnownFileType = text.plist.xml; path = Info.plist; sourceTree = "<group>"; };
/* End PBXFileReference section */

/* Begin PBXFrameworksBuildPhase section */
		FADBCA982AA39E4B00A28511 /* Frameworks */ = {
			isa = PBXFrameworksBuildPhase;
			buildActionMask = 2147483647;
			files = (
			);
			runOnlyForDeploymentPostprocessing = 0;
		};
/* End PBXFrameworksBuildPhase section */

/* Begin PBXGroup section */
		FA08E2192C20675300CF63A0 /* CollectionView */ = {
			isa = PBXGroup;
			children = (
				FA08E2182C20675300CF63A0 /* CollectionViewCellProtocol.swift */,
			);
			path = CollectionView;
			sourceTree = "<group>";
		};
		FA08E21C2C20675300CF63A0 /* TableViewSection */ = {
			isa = PBXGroup;
			children = (
				FA08E21A2C20675300CF63A0 /* TableViewSection.swift */,
				FA08E21B2C20675300CF63A0 /* TableViewSectionProtocol.swift */,
				FA08E2702C22440900CF63A0 /* TableViewSectionHeaderFooterProtocol.swift */,
				FA08E2722C22444100CF63A0 /* TableViewSectionHeaderFooter.swift */,
			);
			path = TableViewSection;
			sourceTree = "<group>";
		};
		FA08E21E2C20675300CF63A0 /* TableViewAdapter */ = {
			isa = PBXGroup;
			children = (
				FA08E21C2C20675300CF63A0 /* TableViewSection */,
				FA08E21D2C20675300CF63A0 /* TableViewAdapter.swift */,
				FA08E25A2C20973D00CF63A0 /* TableHeaderFooterProtocol.swift */,
			);
			path = TableViewAdapter;
			sourceTree = "<group>";
		};
		FA08E2212C20675300CF63A0 /* Collections */ = {
			isa = PBXGroup;
			children = (
				FA08E2192C20675300CF63A0 /* CollectionView */,
				FA08E21E2C20675300CF63A0 /* TableViewAdapter */,
				FA08E21F2C20675300CF63A0 /* CellConfigurableProtocol.swift */,
				FA08E2202C20675300CF63A0 /* CellIdentifiableProtocol.swift */,
			);
			path = Collections;
			sourceTree = "<group>";
		};
		FA08E2262C20675300CF63A0 /* UIKit + Extension */ = {
			isa = PBXGroup;
			children = (
				FA08E2222C20675300CF63A0 /* UINavigationController + Extension.swift */,
				FA08E2232C20675300CF63A0 /* UITableView + Extension.swift */,
				FA08E2242C20675300CF63A0 /* UIView + Extension.swift */,
				FA08E2252C20675300CF63A0 /* UIViewController + Extension.swift */,
				FA08E2392C2067EA00CF63A0 /* UIColor + Extension.swift */,
				FA08E25E2C219B5900CF63A0 /* UISearchBar + Extension.swift */,
			);
			path = "UIKit + Extension";
			sourceTree = "<group>";
		};
		FA08E2282C20675300CF63A0 /* Support */ = {
			isa = PBXGroup;
			children = (
				FA08E2342C20677000CF63A0 /* Base UI */,
				FA08E2212C20675300CF63A0 /* Collections */,
				FA08E2262C20675300CF63A0 /* UIKit + Extension */,
				FA08E2272C20675300CF63A0 /* ModuleTransitionableProtocol.swift */,
			);
			path = Support;
			sourceTree = "<group>";
		};
		FA08E2342C20677000CF63A0 /* Base UI */ = {
			isa = PBXGroup;
			children = (
				FA08E2412C2075EE00CF63A0 /* SearchBar */,
				FA08E2352C20678F00CF63A0 /* StandartButton.swift */,
				FA08E2362C20678F00CF63A0 /* StandartTextField.swift */,
			);
			path = "Base UI";
			sourceTree = "<group>";
		};
		FA08E23B2C20743700CF63A0 /* CitySearch */ = {
			isa = PBXGroup;
			children = (
				FA08E24E2C208EDA00CF63A0 /* Router */,
				FA08E23E2C20745F00CF63A0 /* Configurator */,
				FA08E2532C20909300CF63A0 /* Models */,
				FA08E23D2C20745900CF63A0 /* Presenter */,
				FA08E23C2C20745400CF63A0 /* View */,
			);
			path = CitySearch;
			sourceTree = "<group>";
		};
		FA08E23C2C20745400CF63A0 /* View */ = {
			isa = PBXGroup;
			children = (
				FA08E2572C20966900CF63A0 /* Model */,
				FA08E2562C20966500CF63A0 /* Cells */,
				FA08E23F2C2074A100CF63A0 /* CitySearchTableViewController.swift */,
				FA08E24C2C208E4200CF63A0 /* CitySearchViewProtocol.swift */,
			);
			path = View;
			sourceTree = "<group>";
		};
		FA08E23D2C20745900CF63A0 /* Presenter */ = {
			isa = PBXGroup;
			children = (
				FA08E2462C208DD600CF63A0 /* CitySearchPresenter.swift */,
				FA08E24A2C208E3500CF63A0 /* CitySearchPresenterProtocol.swift */,
			);
			path = Presenter;
			sourceTree = "<group>";
		};
		FA08E23E2C20745F00CF63A0 /* Configurator */ = {
			isa = PBXGroup;
			children = (
				FA08E2482C208DEB00CF63A0 /* CitySearchModuleConfigurator.swift */,
			);
			path = Configurator;
			sourceTree = "<group>";
		};
		FA08E2412C2075EE00CF63A0 /* SearchBar */ = {
			isa = PBXGroup;
			children = (
				FA08E2422C20761100CF63A0 /* SearchController.swift */,
			);
			path = SearchBar;
			sourceTree = "<group>";
		};
		FA08E24E2C208EDA00CF63A0 /* Router */ = {
			isa = PBXGroup;
			children = (
				FA08E24F2C208F2E00CF63A0 /* CitySearchRouterProtocol.swift */,
				FA08E2512C208F3800CF63A0 /* CitySearchRouter.swift */,
			);
			path = Router;
			sourceTree = "<group>";
		};
		FA08E2532C20909300CF63A0 /* Models */ = {
			isa = PBXGroup;
			children = (
			);
			path = Models;
			sourceTree = "<group>";
		};
		FA08E2562C20966500CF63A0 /* Cells */ = {
			isa = PBXGroup;
			children = (
				FA2A36142C2385AF00267BE4 /* HidebleSectionHeaderView */,
				FA08E2622C21D65900CF63A0 /* SectionHeaderView */,
				FA08E2612C21D64700CF63A0 /* CityCell */,
				FA08E2602C21D63900CF63A0 /* CurrentWeatherCell */,
			);
			path = Cells;
			sourceTree = "<group>";
		};
		FA08E2572C20966900CF63A0 /* Model */ = {
			isa = PBXGroup;
			children = (
				FA08E2582C20967700CF63A0 /* CitySearchViewModel.swift */,
				FA08E25C2C209E5200CF63A0 /* CitySearchViewStaticStrings.swift */,
			);
			path = Model;
			sourceTree = "<group>";
		};
		FA08E2602C21D63900CF63A0 /* CurrentWeatherCell */ = {
			isa = PBXGroup;
			children = (
				FA08E26A2C21E4B000CF63A0 /* CurrentWeatherTableViewCell.swift */,
				FA08E26E2C21E4D100CF63A0 /* CurrentWeatherCellModel.swift */,
			);
			path = CurrentWeatherCell;
			sourceTree = "<group>";
		};
		FA08E2612C21D64700CF63A0 /* CityCell */ = {
			isa = PBXGroup;
			children = (
				FA08E2682C21E49A00CF63A0 /* PlaceTableViewCell.swift */,
				FA08E26C2C21E4BB00CF63A0 /* PlaceCellModel.swift */,
			);
			path = CityCell;
			sourceTree = "<group>";
		};
		FA08E2622C21D65900CF63A0 /* SectionHeaderView */ = {
			isa = PBXGroup;
			children = (
				FA08E2642C21E18B00CF63A0 /* SectionHeaderView.swift */,
				FA08E2662C21E28100CF63A0 /* SectionHeaderModel.swift */,
			);
			path = SectionHeaderView;
			sourceTree = "<group>";
		};
		FA2A36142C2385AF00267BE4 /* HidebleSectionHeaderView */ = {
			isa = PBXGroup;
			children = (
				FA2A36162C2385D800267BE4 /* HidebleSectionHeaderView.swift */,
				FA2A36182C2385ED00267BE4 /* HidebleSectionHeaderModel.swift */,
			);
			path = HidebleSectionHeaderView;
			sourceTree = "<group>";
		};
		FA2A36212C2447E900267BE4 /* PersistanceStorage */ = {
			isa = PBXGroup;
			children = (
				FA2A36252C24480500267BE4 /* CoreDataStack.swift */,
				FA2A36272C2448E000267BE4 /* GeoObjectPersistentService.swift */,
				FA2A36292C2449FF00267BE4 /* CoreDataStackProtocol.swift */,
				FA2A362B2C244AAC00267BE4 /* GeoObjectServiceProtocol.swift */,
			);
			path = PersistanceStorage;
			sourceTree = "<group>";
		};
		FA2A362F2C24E28E00267BE4 /* NetworkManager */ = {
			isa = PBXGroup;
			children = (
				FA2A36302C24E2A100267BE4 /* APINetworkManager.swift */,
				FA2A36342C24E30800267BE4 /* APIEndpointProtocol.swift */,
			);
			path = NetworkManager;
			sourceTree = "<group>";
		};
		FA2A36382C2591DF00267BE4 /* YandexWeather */ = {
			isa = PBXGroup;
			children = (
				FA892C4A2B6FBF9E000D9298 /* Model */,
				FA892C332B6BA449000D9298 /* YandexWeatherNetworkService.swift */,
				FA892C4E2B6FBFD4000D9298 /* YandexWeatherNetworkServiceProtocol.swift */,
				FA2A36362C24EEB000267BE4 /* YandexWeatherAPIEndpoint.swift */,
			);
			path = YandexWeather;
			sourceTree = "<group>";
		};
		FA2A36392C25921500267BE4 /* OpenMeteo */ = {
			isa = PBXGroup;
			children = (
				FA2A363A2C25922C00267BE4 /* Model */,
				FA2A363B2C25926500267BE4 /* OpenMeteoNetworkServiceProtocol.swift */,
				FA2A363D2C25927300267BE4 /* OpenMeteoNetworkService.swift */,
				FA2A363F2C25927F00267BE4 /* OpenMeteoAPIEndpoint.swift */,
			);
			path = OpenMeteo;
			sourceTree = "<group>";
		};
		FA2A363A2C25922C00267BE4 /* Model */ = {
			isa = PBXGroup;
			children = (
				FA2A36412C25928E00267BE4 /* OpenMeteoWeatherResponse.swift */,
			);
			path = Model;
			sourceTree = "<group>";
		};
		FA2C78642BA7860300FB9D64 /* Resources */ = {
			isa = PBXGroup;
			children = (
				FADBCAA72AA39E4C00A28511 /* Assets.xcassets */,
				FA2C78652BA7863C00FB9D64 /* FontLibrary.swift */,
				FA08E1672C205B3400CF63A0 /* AppColor.swift */,
			);
			path = Resources;
			sourceTree = "<group>";
		};
		FA5C58FF2B56AB6D005073D3 /* CityWeather */ = {
			isa = PBXGroup;
			children = (
				FA5C59002B56AB8D005073D3 /* Configurator */,
				FA5C59012B56AB97005073D3 /* Presenter */,
				FA5C59022B56AB9F005073D3 /* Router */,
				FA5C59032B56ABA7005073D3 /* View */,
			);
			path = CityWeather;
			sourceTree = "<group>";
		};
		FA5C59002B56AB8D005073D3 /* Configurator */ = {
			isa = PBXGroup;
			children = (
				FA5C590A2B56AC5E005073D3 /* CityWeatherModuleConfigurator.swift */,
			);
			path = Configurator;
			sourceTree = "<group>";
		};
		FA5C59012B56AB97005073D3 /* Presenter */ = {
			isa = PBXGroup;
			children = (
				FA5C59112B56AD6A005073D3 /* Support */,
				FA5C59062B56AC2F005073D3 /* CityWeatherPresenter.swift */,
				FA5C590C2B56AD30005073D3 /* CityWeatherModuleOutput.swift */,
				FA5C590E2B56AD47005073D3 /* CityWeatherModuleInput.swift */,
			);
			path = Presenter;
			sourceTree = "<group>";
		};
		FA5C59022B56AB9F005073D3 /* Router */ = {
			isa = PBXGroup;
			children = (
				FA5C59082B56AC46005073D3 /* CityWeatherRouter.swift */,
				FA5C59142B56AE00005073D3 /* CityWeatherRouterInput.swift */,
			);
			path = Router;
			sourceTree = "<group>";
		};
		FA5C59032B56ABA7005073D3 /* View */ = {
			isa = PBXGroup;
			children = (
				FA5C59042B56AC04005073D3 /* CityWeatherViewController.swift */,
				FA5C59162B56AE7A005073D3 /* CityWeatherViewInput.swift */,
				FA5C59182B56AE89005073D3 /* CityWeatherViewOutput.swift */,
			);
			path = View;
			sourceTree = "<group>";
		};
		FA5C59102B56AD59005073D3 /* Model */ = {
			isa = PBXGroup;
			children = (
				FA5C59122B56AD86005073D3 /* CityWeatherPresenterModel.swift */,
			);
			path = Model;
			sourceTree = "<group>";
		};
		FA5C59112B56AD6A005073D3 /* Support */ = {
			isa = PBXGroup;
			children = (
				FA5C59102B56AD59005073D3 /* Model */,
			);
			path = Support;
			sourceTree = "<group>";
		};
		FA892C302B6BA403000D9298 /* Service */ = {
			isa = PBXGroup;
			children = (
				FA2A36212C2447E900267BE4 /* PersistanceStorage */,
				FA892C512B6FCF7A000D9298 /* Location */,
				FA892C502B6FCF6C000D9298 /* Networking */,
			);
			path = Service;
			sourceTree = "<group>";
		};
		FA892C372B6CCF51000D9298 /* Suggest */ = {
			isa = PBXGroup;
			children = (
				FA892C492B6FBF90000D9298 /* Model */,
				FA892C312B6BA42C000D9298 /* SuggestNetworkService.swift */,
				FA892C3A2B6CCF7F000D9298 /* SuggestNetworkServiceProtocol.swift */,
				FA892C472B6F83C8000D9298 /* APIErrors.swift */,
			);
			path = Suggest;
			sourceTree = "<group>";
		};
		FA892C382B6CCF5C000D9298 /* Weather */ = {
			isa = PBXGroup;
			children = (
				FA2A36392C25921500267BE4 /* OpenMeteo */,
				FA2A36382C2591DF00267BE4 /* YandexWeather */,
			);
			path = Weather;
			sourceTree = "<group>";
		};
		FA892C392B6CCF64000D9298 /* Geocode */ = {
			isa = PBXGroup;
			children = (
				FA892C4B2B6FBFA4000D9298 /* Model */,
				FA892C352B6BA4E7000D9298 /* GeocoderNetworkService.swift */,
				FA2A362D2C244F9000267BE4 /* GeocoderNetworkServiceProtocol.swift */,
				FA2A36322C24E2D700267BE4 /* GeocodeAPIEndpoint.swift */,
			);
			path = Geocode;
			sourceTree = "<group>";
		};
		FA892C492B6FBF90000D9298 /* Model */ = {
			isa = PBXGroup;
			children = (
				FA892C432B6D79C0000D9298 /* Suggest.swift */,
			);
			path = Model;
			sourceTree = "<group>";
		};
		FA892C4A2B6FBF9E000D9298 /* Model */ = {
			isa = PBXGroup;
			children = (
				FA892C3D2B6CD10E000D9298 /* YandexAPIWeatherResponse.swift */,
			);
			path = Model;
			sourceTree = "<group>";
		};
		FA892C4B2B6FBFA4000D9298 /* Model */ = {
			isa = PBXGroup;
			children = (
				FA2A361C2C23A3B300267BE4 /* GeocodeResponse.swift */,
			);
			path = Model;
			sourceTree = "<group>";
		};
		FA892C502B6FCF6C000D9298 /* Networking */ = {
			isa = PBXGroup;
			children = (
				FA2A362F2C24E28E00267BE4 /* NetworkManager */,
				FA2A361A2C23A22E00267BE4 /* ApiKeys.swift */,
				FA892C392B6CCF64000D9298 /* Geocode */,
				FA892C382B6CCF5C000D9298 /* Weather */,
				FA892C372B6CCF51000D9298 /* Suggest */,
			);
			path = Networking;
			sourceTree = "<group>";
		};
		FA892C512B6FCF7A000D9298 /* Location */ = {
			isa = PBXGroup;
			children = (
				FA892C522B6FCF8A000D9298 /* LocationService.swift */,
				FA7D32222B8DEB4C0060A42B /* LocationServiceDelegate.swift */,
				FA7D32242B8DEB6C0060A42B /* LocationModel.swift */,
				FA08E2542C2090B600CF63A0 /* LocationServiceProtocol.swift */,
			);
			path = Location;
			sourceTree = "<group>";
		};
		FADBCA922AA39E4A00A28511 = {
			isa = PBXGroup;
			children = (
				FADBCA9D2AA39E4B00A28511 /* WeatherApp */,
				FADBCA9C2AA39E4B00A28511 /* Products */,
			);
			sourceTree = "<group>";
		};
		FADBCA9C2AA39E4B00A28511 /* Products */ = {
			isa = PBXGroup;
			children = (
				FADBCA9B2AA39E4B00A28511 /* WeatherApp.app */,
			);
			name = Products;
			sourceTree = "<group>";
		};
		FADBCA9D2AA39E4B00A28511 /* WeatherApp */ = {
			isa = PBXGroup;
			children = (
				FADBCAB32AA3CEFB00A28511 /* Application */,
				FA892C302B6BA403000D9298 /* Service */,
				FADBCAB22AA3C7DB00A28511 /* Screens */,
				FA2C78642BA7860300FB9D64 /* Resources */,
			);
			path = WeatherApp;
			sourceTree = "<group>";
		};
		FADBCAB22AA3C7DB00A28511 /* Screens */ = {
			isa = PBXGroup;
			children = (
				FA08E2282C20675300CF63A0 /* Support */,
				FA08E23B2C20743700CF63A0 /* CitySearch */,
				FA5C58FF2B56AB6D005073D3 /* CityWeather */,
			);
			path = Screens;
			sourceTree = "<group>";
		};
		FADBCAB32AA3CEFB00A28511 /* Application */ = {
			isa = PBXGroup;
			children = (
				FADBCA9E2AA39E4B00A28511 /* AppDelegate.swift */,
				FADBCAA92AA39E4C00A28511 /* LaunchScreen.storyboard */,
				FADBCAAC2AA39E4C00A28511 /* Info.plist */,
				FAAEF8392B51FEED00AF1A7D /* SceneDelegate.swift */,
				FA2A361E2C24471C00267BE4 /* WeatherAppDataModel.xcdatamodeld */,
			);
			path = Application;
			sourceTree = "<group>";
		};
/* End PBXGroup section */

/* Begin PBXNativeTarget section */
		FADBCA9A2AA39E4B00A28511 /* WeatherApp */ = {
			isa = PBXNativeTarget;
			buildConfigurationList = FADBCAAF2AA39E4C00A28511 /* Build configuration list for PBXNativeTarget "WeatherApp" */;
			buildPhases = (
				FADBCA972AA39E4B00A28511 /* Sources */,
				FADBCA982AA39E4B00A28511 /* Frameworks */,
				FADBCA992AA39E4B00A28511 /* Resources */,
			);
			buildRules = (
			);
			dependencies = (
			);
			name = WeatherApp;
			productName = WeatherApp;
			productReference = FADBCA9B2AA39E4B00A28511 /* WeatherApp.app */;
			productType = "com.apple.product-type.application";
		};
/* End PBXNativeTarget section */

/* Begin PBXProject section */
		FADBCA932AA39E4A00A28511 /* Project object */ = {
			isa = PBXProject;
			attributes = {
				BuildIndependentTargetsInParallel = 1;
				LastSwiftUpdateCheck = 1430;
				LastUpgradeCheck = 1520;
				TargetAttributes = {
					FADBCA9A2AA39E4B00A28511 = {
						CreatedOnToolsVersion = 14.3.1;
					};
				};
			};
			buildConfigurationList = FADBCA962AA39E4A00A28511 /* Build configuration list for PBXProject "WeatherApp" */;
			compatibilityVersion = "Xcode 14.0";
			developmentRegion = en;
			hasScannedForEncodings = 0;
			knownRegions = (
				en,
				Base,
			);
			mainGroup = FADBCA922AA39E4A00A28511;
			productRefGroup = FADBCA9C2AA39E4B00A28511 /* Products */;
			projectDirPath = "";
			projectRoot = "";
			targets = (
				FADBCA9A2AA39E4B00A28511 /* WeatherApp */,
			);
		};
/* End PBXProject section */

/* Begin PBXResourcesBuildPhase section */
		FADBCA992AA39E4B00A28511 /* Resources */ = {
			isa = PBXResourcesBuildPhase;
			buildActionMask = 2147483647;
			files = (
				FADBCAAB2AA39E4C00A28511 /* LaunchScreen.storyboard in Resources */,
				FADBCAA82AA39E4C00A28511 /* Assets.xcassets in Resources */,
			);
			runOnlyForDeploymentPostprocessing = 0;
		};
/* End PBXResourcesBuildPhase section */

/* Begin PBXSourcesBuildPhase section */
		FADBCA972AA39E4B00A28511 /* Sources */ = {
			isa = PBXSourcesBuildPhase;
			buildActionMask = 2147483647;
			files = (
				FA2A362E2C244F9000267BE4 /* GeocoderNetworkServiceProtocol.swift in Sources */,
				FA08E22A2C20675300CF63A0 /* TableViewSection.swift in Sources */,
				FA08E2732C22444100CF63A0 /* TableViewSectionHeaderFooter.swift in Sources */,
				FA08E25F2C219B5900CF63A0 /* UISearchBar + Extension.swift in Sources */,
				FA2A361B2C23A22E00267BE4 /* ApiKeys.swift in Sources */,
				FA08E22F2C20675300CF63A0 /* UINavigationController + Extension.swift in Sources */,
				FA2A36372C24EEB000267BE4 /* YandexWeatherAPIEndpoint.swift in Sources */,
				FA08E24B2C208E3500CF63A0 /* CitySearchPresenterProtocol.swift in Sources */,
				FA2A36202C24471D00267BE4 /* WeatherAppDataModel.xcdatamodeld in Sources */,
				FA5C590B2B56AC5E005073D3 /* CityWeatherModuleConfigurator.swift in Sources */,
				FA08E26B2C21E4B000CF63A0 /* CurrentWeatherTableViewCell.swift in Sources */,
				FA892C342B6BA449000D9298 /* YandexWeatherNetworkService.swift in Sources */,
				FA08E2672C21E28100CF63A0 /* SectionHeaderModel.swift in Sources */,
				FA892C532B6FCF8A000D9298 /* LocationService.swift in Sources */,
				FA5C59132B56AD86005073D3 /* CityWeatherPresenterModel.swift in Sources */,
				FA08E25D2C209E5200CF63A0 /* CitySearchViewStaticStrings.swift in Sources */,
				FA2A36402C25927F00267BE4 /* OpenMeteoAPIEndpoint.swift in Sources */,
				FA08E2692C21E49A00CF63A0 /* PlaceTableViewCell.swift in Sources */,
				FA08E25B2C20973D00CF63A0 /* TableHeaderFooterProtocol.swift in Sources */,
				FA2A362A2C2449FF00267BE4 /* CoreDataStackProtocol.swift in Sources */,
				FA892C442B6D79C0000D9298 /* Suggest.swift in Sources */,
				FA08E2382C20678F00CF63A0 /* StandartTextField.swift in Sources */,
				FA08E2712C22440900CF63A0 /* TableViewSectionHeaderFooterProtocol.swift in Sources */,
				FA08E2322C20675300CF63A0 /* UIViewController + Extension.swift in Sources */,
				FA08E2592C20967700CF63A0 /* CitySearchViewModel.swift in Sources */,
				FA08E2502C208F2E00CF63A0 /* CitySearchRouterProtocol.swift in Sources */,
				FA08E22C2C20675300CF63A0 /* TableViewAdapter.swift in Sources */,
				FA08E22E2C20675300CF63A0 /* CellIdentifiableProtocol.swift in Sources */,
				FA08E2372C20678F00CF63A0 /* StandartButton.swift in Sources */,
				FA08E2432C20761100CF63A0 /* SearchController.swift in Sources */,
				FA7D32252B8DEB6C0060A42B /* LocationModel.swift in Sources */,
				FA892C4F2B6FBFD4000D9298 /* YandexWeatherNetworkServiceProtocol.swift in Sources */,
				FA5C59152B56AE00005073D3 /* CityWeatherRouterInput.swift in Sources */,
				FA08E26D2C21E4BB00CF63A0 /* PlaceCellModel.swift in Sources */,
				FA08E2652C21E18B00CF63A0 /* SectionHeaderView.swift in Sources */,
				FA892C322B6BA42C000D9298 /* SuggestNetworkService.swift in Sources */,
				FA08E2302C20675300CF63A0 /* UITableView + Extension.swift in Sources */,
				FA2A36262C24480500267BE4 /* CoreDataStack.swift in Sources */,
				FA08E22B2C20675300CF63A0 /* TableViewSectionProtocol.swift in Sources */,
				FA892C362B6BA4E7000D9298 /* GeocoderNetworkService.swift in Sources */,
				FA892C482B6F83C8000D9298 /* APIErrors.swift in Sources */,
				FA08E2492C208DEB00CF63A0 /* CitySearchModuleConfigurator.swift in Sources */,
				FA08E22D2C20675300CF63A0 /* CellConfigurableProtocol.swift in Sources */,
				FA08E2402C2074A100CF63A0 /* CitySearchTableViewController.swift in Sources */,
				FA2A363E2C25927300267BE4 /* OpenMeteoNetworkService.swift in Sources */,
				FA5C590D2B56AD30005073D3 /* CityWeatherModuleOutput.swift in Sources */,
				FA08E2292C20675300CF63A0 /* CollectionViewCellProtocol.swift in Sources */,
				FA7D32232B8DEB4C0060A42B /* LocationServiceDelegate.swift in Sources */,
				FA5C59172B56AE7A005073D3 /* CityWeatherViewInput.swift in Sources */,
				FA2A361D2C23A3B300267BE4 /* GeocodeResponse.swift in Sources */,
				FA2A36282C2448E000267BE4 /* GeoObjectPersistentService.swift in Sources */,
				FA08E2552C2090B600CF63A0 /* LocationServiceProtocol.swift in Sources */,
				FA08E23A2C2067EA00CF63A0 /* UIColor + Extension.swift in Sources */,
				FA2A36172C2385D800267BE4 /* HidebleSectionHeaderView.swift in Sources */,
				FA5C59072B56AC2F005073D3 /* CityWeatherPresenter.swift in Sources */,
				FA2C78662BA7863C00FB9D64 /* FontLibrary.swift in Sources */,
				FA08E26F2C21E4D100CF63A0 /* CurrentWeatherCellModel.swift in Sources */,
				FA2A36192C2385ED00267BE4 /* HidebleSectionHeaderModel.swift in Sources */,
				FA5C59092B56AC46005073D3 /* CityWeatherRouter.swift in Sources */,
				FA08E2312C20675300CF63A0 /* UIView + Extension.swift in Sources */,
				FA2A36422C25928E00267BE4 /* OpenMeteoWeatherResponse.swift in Sources */,
				FA08E1682C205B3400CF63A0 /* AppColor.swift in Sources */,
				FA5C59052B56AC04005073D3 /* CityWeatherViewController.swift in Sources */,
				FADBCA9F2AA39E4B00A28511 /* AppDelegate.swift in Sources */,
				FA2A36332C24E2D700267BE4 /* GeocodeAPIEndpoint.swift in Sources */,
				FA5C59192B56AE89005073D3 /* CityWeatherViewOutput.swift in Sources */,
				FA892C3B2B6CCF7F000D9298 /* SuggestNetworkServiceProtocol.swift in Sources */,
				FA2A363C2C25926500267BE4 /* OpenMeteoNetworkServiceProtocol.swift in Sources */,
				FA08E24D2C208E4200CF63A0 /* CitySearchViewProtocol.swift in Sources */,
				FA5C590F2B56AD47005073D3 /* CityWeatherModuleInput.swift in Sources */,
				FA08E2332C20675300CF63A0 /* ModuleTransitionableProtocol.swift in Sources */,
				FAAEF83A2B51FEED00AF1A7D /* SceneDelegate.swift in Sources */,
				FA08E2472C208DD600CF63A0 /* CitySearchPresenter.swift in Sources */,
				FA2A362C2C244AAC00267BE4 /* GeoObjectServiceProtocol.swift in Sources */,
				FA2A36352C24E30800267BE4 /* APIEndpointProtocol.swift in Sources */,
				FA2A36312C24E2A100267BE4 /* APINetworkManager.swift in Sources */,
				FA08E2522C208F3800CF63A0 /* CitySearchRouter.swift in Sources */,
				FA892C3E2B6CD10E000D9298 /* YandexAPIWeatherResponse.swift in Sources */,
			);
			runOnlyForDeploymentPostprocessing = 0;
		};
/* End PBXSourcesBuildPhase section */

/* Begin PBXVariantGroup section */
		FADBCAA92AA39E4C00A28511 /* LaunchScreen.storyboard */ = {
			isa = PBXVariantGroup;
			children = (
				FADBCAAA2AA39E4C00A28511 /* Base */,
			);
			name = LaunchScreen.storyboard;
			sourceTree = "<group>";
		};
/* End PBXVariantGroup section */

/* Begin XCBuildConfiguration section */
		FADBCAAD2AA39E4C00A28511 /* Debug */ = {
			isa = XCBuildConfiguration;
			buildSettings = {
				ALWAYS_SEARCH_USER_PATHS = NO;
				ASSETCATALOG_COMPILER_GENERATE_SWIFT_ASSET_SYMBOL_EXTENSIONS = NO;
				ASSETCATALOG_COMPILER_GLOBAL_ACCENT_COLOR_NAME = accentColor;
				CLANG_ANALYZER_NONNULL = YES;
				CLANG_ANALYZER_NUMBER_OBJECT_CONVERSION = YES_AGGRESSIVE;
				CLANG_CXX_LANGUAGE_STANDARD = "gnu++20";
				CLANG_ENABLE_MODULES = YES;
				CLANG_ENABLE_OBJC_ARC = YES;
				CLANG_ENABLE_OBJC_WEAK = YES;
				CLANG_WARN_BLOCK_CAPTURE_AUTORELEASING = YES;
				CLANG_WARN_BOOL_CONVERSION = YES;
				CLANG_WARN_COMMA = YES;
				CLANG_WARN_CONSTANT_CONVERSION = YES;
				CLANG_WARN_DEPRECATED_OBJC_IMPLEMENTATIONS = YES;
				CLANG_WARN_DIRECT_OBJC_ISA_USAGE = YES_ERROR;
				CLANG_WARN_DOCUMENTATION_COMMENTS = YES;
				CLANG_WARN_EMPTY_BODY = YES;
				CLANG_WARN_ENUM_CONVERSION = YES;
				CLANG_WARN_INFINITE_RECURSION = YES;
				CLANG_WARN_INT_CONVERSION = YES;
				CLANG_WARN_NON_LITERAL_NULL_CONVERSION = YES;
				CLANG_WARN_OBJC_IMPLICIT_RETAIN_SELF = YES;
				CLANG_WARN_OBJC_LITERAL_CONVERSION = YES;
				CLANG_WARN_OBJC_ROOT_CLASS = YES_ERROR;
				CLANG_WARN_QUOTED_INCLUDE_IN_FRAMEWORK_HEADER = YES;
				CLANG_WARN_RANGE_LOOP_ANALYSIS = YES;
				CLANG_WARN_STRICT_PROTOTYPES = YES;
				CLANG_WARN_SUSPICIOUS_MOVE = YES;
				CLANG_WARN_UNGUARDED_AVAILABILITY = YES_AGGRESSIVE;
				CLANG_WARN_UNREACHABLE_CODE = YES;
				CLANG_WARN__DUPLICATE_METHOD_MATCH = YES;
				COPY_PHASE_STRIP = NO;
				DEBUG_INFORMATION_FORMAT = dwarf;
				ENABLE_STRICT_OBJC_MSGSEND = YES;
				ENABLE_TESTABILITY = YES;
				ENABLE_USER_SCRIPT_SANDBOXING = YES;
				GCC_C_LANGUAGE_STANDARD = gnu11;
				GCC_DYNAMIC_NO_PIC = NO;
				GCC_NO_COMMON_BLOCKS = YES;
				GCC_OPTIMIZATION_LEVEL = 0;
				GCC_PREPROCESSOR_DEFINITIONS = (
					"DEBUG=1",
					"$(inherited)",
				);
				GCC_WARN_64_TO_32_BIT_CONVERSION = YES;
				GCC_WARN_ABOUT_RETURN_TYPE = YES_ERROR;
				GCC_WARN_UNDECLARED_SELECTOR = YES;
				GCC_WARN_UNINITIALIZED_AUTOS = YES_AGGRESSIVE;
				GCC_WARN_UNUSED_FUNCTION = YES;
				GCC_WARN_UNUSED_VARIABLE = YES;
				IPHONEOS_DEPLOYMENT_TARGET = 16.4;
				MTL_ENABLE_DEBUG_INFO = INCLUDE_SOURCE;
				MTL_FAST_MATH = YES;
				ONLY_ACTIVE_ARCH = YES;
				SDKROOT = iphoneos;
				SWIFT_ACTIVE_COMPILATION_CONDITIONS = DEBUG;
				SWIFT_OPTIMIZATION_LEVEL = "-Onone";
			};
			name = Debug;
		};
		FADBCAAE2AA39E4C00A28511 /* Release */ = {
			isa = XCBuildConfiguration;
			buildSettings = {
				ALWAYS_SEARCH_USER_PATHS = NO;
				ASSETCATALOG_COMPILER_GENERATE_SWIFT_ASSET_SYMBOL_EXTENSIONS = NO;
				ASSETCATALOG_COMPILER_GLOBAL_ACCENT_COLOR_NAME = accentColor;
				CLANG_ANALYZER_NONNULL = YES;
				CLANG_ANALYZER_NUMBER_OBJECT_CONVERSION = YES_AGGRESSIVE;
				CLANG_CXX_LANGUAGE_STANDARD = "gnu++20";
				CLANG_ENABLE_MODULES = YES;
				CLANG_ENABLE_OBJC_ARC = YES;
				CLANG_ENABLE_OBJC_WEAK = YES;
				CLANG_WARN_BLOCK_CAPTURE_AUTORELEASING = YES;
				CLANG_WARN_BOOL_CONVERSION = YES;
				CLANG_WARN_COMMA = YES;
				CLANG_WARN_CONSTANT_CONVERSION = YES;
				CLANG_WARN_DEPRECATED_OBJC_IMPLEMENTATIONS = YES;
				CLANG_WARN_DIRECT_OBJC_ISA_USAGE = YES_ERROR;
				CLANG_WARN_DOCUMENTATION_COMMENTS = YES;
				CLANG_WARN_EMPTY_BODY = YES;
				CLANG_WARN_ENUM_CONVERSION = YES;
				CLANG_WARN_INFINITE_RECURSION = YES;
				CLANG_WARN_INT_CONVERSION = YES;
				CLANG_WARN_NON_LITERAL_NULL_CONVERSION = YES;
				CLANG_WARN_OBJC_IMPLICIT_RETAIN_SELF = YES;
				CLANG_WARN_OBJC_LITERAL_CONVERSION = YES;
				CLANG_WARN_OBJC_ROOT_CLASS = YES_ERROR;
				CLANG_WARN_QUOTED_INCLUDE_IN_FRAMEWORK_HEADER = YES;
				CLANG_WARN_RANGE_LOOP_ANALYSIS = YES;
				CLANG_WARN_STRICT_PROTOTYPES = YES;
				CLANG_WARN_SUSPICIOUS_MOVE = YES;
				CLANG_WARN_UNGUARDED_AVAILABILITY = YES_AGGRESSIVE;
				CLANG_WARN_UNREACHABLE_CODE = YES;
				CLANG_WARN__DUPLICATE_METHOD_MATCH = YES;
				COPY_PHASE_STRIP = NO;
				DEBUG_INFORMATION_FORMAT = "dwarf-with-dsym";
				ENABLE_NS_ASSERTIONS = NO;
				ENABLE_STRICT_OBJC_MSGSEND = YES;
				ENABLE_USER_SCRIPT_SANDBOXING = YES;
				GCC_C_LANGUAGE_STANDARD = gnu11;
				GCC_NO_COMMON_BLOCKS = YES;
				GCC_WARN_64_TO_32_BIT_CONVERSION = YES;
				GCC_WARN_ABOUT_RETURN_TYPE = YES_ERROR;
				GCC_WARN_UNDECLARED_SELECTOR = YES;
				GCC_WARN_UNINITIALIZED_AUTOS = YES_AGGRESSIVE;
				GCC_WARN_UNUSED_FUNCTION = YES;
				GCC_WARN_UNUSED_VARIABLE = YES;
				IPHONEOS_DEPLOYMENT_TARGET = 16.4;
				MTL_ENABLE_DEBUG_INFO = NO;
				MTL_FAST_MATH = YES;
				SDKROOT = iphoneos;
				SWIFT_COMPILATION_MODE = wholemodule;
				SWIFT_OPTIMIZATION_LEVEL = "-O";
				VALIDATE_PRODUCT = YES;
			};
			name = Release;
		};
		FADBCAB02AA39E4C00A28511 /* Debug */ = {
			isa = XCBuildConfiguration;
			buildSettings = {
				ASSETCATALOG_COMPILER_APPICON_NAME = AppIcon;
				ASSETCATALOG_COMPILER_GLOBAL_ACCENT_COLOR_NAME = AccentColor;
				CODE_SIGN_STYLE = Automatic;
				CURRENT_PROJECT_VERSION = 1;
				DEVELOPMENT_TEAM = 2A8FN782JR;
				GENERATE_INFOPLIST_FILE = YES;
				INFOPLIST_FILE = WeatherApp/Application/Info.plist;
				INFOPLIST_KEY_UIApplicationSupportsIndirectInputEvents = YES;
				INFOPLIST_KEY_UILaunchStoryboardName = LaunchScreen;
				INFOPLIST_KEY_UISupportedInterfaceOrientations_iPad = "UIInterfaceOrientationPortrait UIInterfaceOrientationPortraitUpsideDown UIInterfaceOrientationLandscapeLeft UIInterfaceOrientationLandscapeRight";
				INFOPLIST_KEY_UISupportedInterfaceOrientations_iPhone = "UIInterfaceOrientationPortrait UIInterfaceOrientationLandscapeLeft UIInterfaceOrientationLandscapeRight";
				LD_RUNPATH_SEARCH_PATHS = (
					"$(inherited)",
					"@executable_path/Frameworks",
				);
				MARKETING_VERSION = 1.0;
				PRODUCT_BUNDLE_IDENTIFIER = com.jokok.WeatherApp;
				PRODUCT_NAME = "$(TARGET_NAME)";
				SWIFT_EMIT_LOC_STRINGS = YES;
				SWIFT_VERSION = 5.0;
				TARGETED_DEVICE_FAMILY = "1,2";
			};
			name = Debug;
		};
		FADBCAB12AA39E4C00A28511 /* Release */ = {
			isa = XCBuildConfiguration;
			buildSettings = {
				ASSETCATALOG_COMPILER_APPICON_NAME = AppIcon;
				ASSETCATALOG_COMPILER_GLOBAL_ACCENT_COLOR_NAME = AccentColor;
				CODE_SIGN_STYLE = Automatic;
				CURRENT_PROJECT_VERSION = 1;
				DEVELOPMENT_TEAM = 2A8FN782JR;
				GENERATE_INFOPLIST_FILE = YES;
				INFOPLIST_FILE = WeatherApp/Application/Info.plist;
				INFOPLIST_KEY_UIApplicationSupportsIndirectInputEvents = YES;
				INFOPLIST_KEY_UILaunchStoryboardName = LaunchScreen;
				INFOPLIST_KEY_UISupportedInterfaceOrientations_iPad = "UIInterfaceOrientationPortrait UIInterfaceOrientationPortraitUpsideDown UIInterfaceOrientationLandscapeLeft UIInterfaceOrientationLandscapeRight";
				INFOPLIST_KEY_UISupportedInterfaceOrientations_iPhone = "UIInterfaceOrientationPortrait UIInterfaceOrientationLandscapeLeft UIInterfaceOrientationLandscapeRight";
				LD_RUNPATH_SEARCH_PATHS = (
					"$(inherited)",
					"@executable_path/Frameworks",
				);
				MARKETING_VERSION = 1.0;
				PRODUCT_BUNDLE_IDENTIFIER = com.jokok.WeatherApp;
				PRODUCT_NAME = "$(TARGET_NAME)";
				SWIFT_EMIT_LOC_STRINGS = YES;
				SWIFT_VERSION = 5.0;
				TARGETED_DEVICE_FAMILY = "1,2";
			};
			name = Release;
		};
/* End XCBuildConfiguration section */

/* Begin XCConfigurationList section */
		FADBCA962AA39E4A00A28511 /* Build configuration list for PBXProject "WeatherApp" */ = {
			isa = XCConfigurationList;
			buildConfigurations = (
				FADBCAAD2AA39E4C00A28511 /* Debug */,
				FADBCAAE2AA39E4C00A28511 /* Release */,
			);
			defaultConfigurationIsVisible = 0;
			defaultConfigurationName = Debug;
		};
		FADBCAAF2AA39E4C00A28511 /* Build configuration list for PBXNativeTarget "WeatherApp" */ = {
			isa = XCConfigurationList;
			buildConfigurations = (
				FADBCAB02AA39E4C00A28511 /* Debug */,
				FADBCAB12AA39E4C00A28511 /* Release */,
			);
			defaultConfigurationIsVisible = 0;
			defaultConfigurationName = Debug;
		};
/* End XCConfigurationList section */

/* Begin XCVersionGroup section */
		FA2A361E2C24471C00267BE4 /* WeatherAppDataModel.xcdatamodeld */ = {
			isa = XCVersionGroup;
			children = (
				FA2A361F2C24471D00267BE4 /* WeatherAppDataModel.xcdatamodel */,
			);
			currentVersion = FA2A361F2C24471D00267BE4 /* WeatherAppDataModel.xcdatamodel */;
			name = WeatherAppDataModel.xcdatamodeld;
			path = "/Users/alexwonder/Documents/Пет-проекты на Swift/WeatherApp/WeatherApp/Application/WeatherAppDataModel.xcdatamodeld";
			sourceTree = "<group>";
			versionGroupType = wrapper.xcdatamodel;
		};
/* End XCVersionGroup section */
	};
	rootObject = FADBCA932AA39E4A00A28511 /* Project object */;
}
