// !$*UTF8*$!
{
	archiveVersion = 1;
	classes = {
	};
	objectVersion = 56;
	objects = {

/* Begin PBXBuildFile section */
		FA5C59052B56AC04005073D3 /* CityWeatherViewController.swift in Sources */ = {isa = PBXBuildFile; fileRef = FA5C59042B56AC04005073D3 /* CityWeatherViewController.swift */; };
		FA5C59072B56AC2F005073D3 /* CityWeatherPresenter.swift in Sources */ = {isa = PBXBuildFile; fileRef = FA5C59062B56AC2F005073D3 /* CityWeatherPresenter.swift */; };
		FA5C59092B56AC46005073D3 /* CityWeatherRouter.swift in Sources */ = {isa = PBXBuildFile; fileRef = FA5C59082B56AC46005073D3 /* CityWeatherRouter.swift */; };
		FA5C590B2B56AC5E005073D3 /* CityWeatherModuleConfigurator.swift in Sources */ = {isa = PBXBuildFile; fileRef = FA5C590A2B56AC5E005073D3 /* CityWeatherModuleConfigurator.swift */; };
		FA5C590D2B56AD30005073D3 /* CityWeatherModuleOutput.swift in Sources */ = {isa = PBXBuildFile; fileRef = FA5C590C2B56AD30005073D3 /* CityWeatherModuleOutput.swift */; };
		FA5C590F2B56AD47005073D3 /* CityWeatherModuleInput.swift in Sources */ = {isa = PBXBuildFile; fileRef = FA5C590E2B56AD47005073D3 /* CityWeatherModuleInput.swift */; };
		FA5C59132B56AD86005073D3 /* CityWeatherPresenterModel.swift in Sources */ = {isa = PBXBuildFile; fileRef = FA5C59122B56AD86005073D3 /* CityWeatherPresenterModel.swift */; };
		FA5C59152B56AE00005073D3 /* CityWeatherRouterInput.swift in Sources */ = {isa = PBXBuildFile; fileRef = FA5C59142B56AE00005073D3 /* CityWeatherRouterInput.swift */; };
		FA5C59172B56AE7A005073D3 /* CityWeatherViewInput.swift in Sources */ = {isa = PBXBuildFile; fileRef = FA5C59162B56AE7A005073D3 /* CityWeatherViewInput.swift */; };
		FA5C59192B56AE89005073D3 /* CityWeatherViewOutput.swift in Sources */ = {isa = PBXBuildFile; fileRef = FA5C59182B56AE89005073D3 /* CityWeatherViewOutput.swift */; };
		FA798B5B2B520B3300977816 /* StandartButton.swift in Sources */ = {isa = PBXBuildFile; fileRef = FA798B5A2B520B3300977816 /* StandartButton.swift */; };
		FA798B5D2B520B4500977816 /* StandartTextField.swift in Sources */ = {isa = PBXBuildFile; fileRef = FA798B5C2B520B4500977816 /* StandartTextField.swift */; };
		FA798B602B52BC2D00977816 /* UIColor + Extension.swift in Sources */ = {isa = PBXBuildFile; fileRef = FA798B5F2B52BC2D00977816 /* UIColor + Extension.swift */; };
		FA798B662B544A2800977816 /* UIViewController + Extension.swift in Sources */ = {isa = PBXBuildFile; fileRef = FA798B652B544A2800977816 /* UIViewController + Extension.swift */; };
		FAAEF83A2B51FEED00AF1A7D /* SceneDelegate.swift in Sources */ = {isa = PBXBuildFile; fileRef = FAAEF8392B51FEED00AF1A7D /* SceneDelegate.swift */; };
		FADBCA9F2AA39E4B00A28511 /* AppDelegate.swift in Sources */ = {isa = PBXBuildFile; fileRef = FADBCA9E2AA39E4B00A28511 /* AppDelegate.swift */; };
		FADBCAA32AA39E4B00A28511 /* CityViewController.swift in Sources */ = {isa = PBXBuildFile; fileRef = FADBCAA22AA39E4B00A28511 /* CityViewController.swift */; };
		FADBCAA62AA39E4B00A28511 /* Main.storyboard in Resources */ = {isa = PBXBuildFile; fileRef = FADBCAA42AA39E4B00A28511 /* Main.storyboard */; };
		FADBCAA82AA39E4C00A28511 /* Assets.xcassets in Resources */ = {isa = PBXBuildFile; fileRef = FADBCAA72AA39E4C00A28511 /* Assets.xcassets */; };
		FADBCAAB2AA39E4C00A28511 /* LaunchScreen.storyboard in Resources */ = {isa = PBXBuildFile; fileRef = FADBCAA92AA39E4C00A28511 /* LaunchScreen.storyboard */; };
		FADBCABC2AA3E65A00A28511 /* CityModuleConfigurator.swift in Sources */ = {isa = PBXBuildFile; fileRef = FADBCABB2AA3E65A00A28511 /* CityModuleConfigurator.swift */; };
		FADBCABE2AA3ED7600A28511 /* CityModuleOutput.swift in Sources */ = {isa = PBXBuildFile; fileRef = FADBCABD2AA3ED7600A28511 /* CityModuleOutput.swift */; };
		FADBCAC02AA3EE6300A28511 /* CityRouter.swift in Sources */ = {isa = PBXBuildFile; fileRef = FADBCABF2AA3EE6300A28511 /* CityRouter.swift */; };
		FADBCAC22AA4D35E00A28511 /* CityViewInput.swift in Sources */ = {isa = PBXBuildFile; fileRef = FADBCAC12AA4D35E00A28511 /* CityViewInput.swift */; };
		FADBCAC42AA4D37100A28511 /* CityViewOutput.swift in Sources */ = {isa = PBXBuildFile; fileRef = FADBCAC32AA4D37100A28511 /* CityViewOutput.swift */; };
		FADBCAC82AA4D3DF00A28511 /* CityPresenterModel.swift in Sources */ = {isa = PBXBuildFile; fileRef = FADBCAC72AA4D3DF00A28511 /* CityPresenterModel.swift */; };
		FADBCACA2AA4D4D300A28511 /* CityRouterInput.swift in Sources */ = {isa = PBXBuildFile; fileRef = FADBCAC92AA4D4D300A28511 /* CityRouterInput.swift */; };
		FADBCACC2AA4E8A600A28511 /* CityPresenter.swift in Sources */ = {isa = PBXBuildFile; fileRef = FADBCACB2AA4E8A600A28511 /* CityPresenter.swift */; };
		FADBCACE2AA4EBCB00A28511 /* CityModuleInput.swift in Sources */ = {isa = PBXBuildFile; fileRef = FADBCACD2AA4EBCB00A28511 /* CityModuleInput.swift */; };
		FAFFD6432B557EA0008542A3 /* CitiesCollectionViewAdapter.swift in Sources */ = {isa = PBXBuildFile; fileRef = FAFFD6422B557EA0008542A3 /* CitiesCollectionViewAdapter.swift */; };
		FAFFD6452B557F07008542A3 /* CitiesCollectionViewAdapterOutput.swift in Sources */ = {isa = PBXBuildFile; fileRef = FAFFD6442B557F07008542A3 /* CitiesCollectionViewAdapterOutput.swift */; };
		FAFFD6482B5584FC008542A3 /* CityCollectionViewCell.swift in Sources */ = {isa = PBXBuildFile; fileRef = FAFFD6472B5584FC008542A3 /* CityCollectionViewCell.swift */; };
		FAFFD64A2B5587A3008542A3 /* CollectioViewCellProtocol.swift in Sources */ = {isa = PBXBuildFile; fileRef = FAFFD6492B5587A3008542A3 /* CollectioViewCellProtocol.swift */; };
/* End PBXBuildFile section */

/* Begin PBXFileReference section */
		FA5C59042B56AC04005073D3 /* CityWeatherViewController.swift */ = {isa = PBXFileReference; lastKnownFileType = sourcecode.swift; path = CityWeatherViewController.swift; sourceTree = "<group>"; };
		FA5C59062B56AC2F005073D3 /* CityWeatherPresenter.swift */ = {isa = PBXFileReference; lastKnownFileType = sourcecode.swift; path = CityWeatherPresenter.swift; sourceTree = "<group>"; };
		FA5C59082B56AC46005073D3 /* CityWeatherRouter.swift */ = {isa = PBXFileReference; lastKnownFileType = sourcecode.swift; path = CityWeatherRouter.swift; sourceTree = "<group>"; };
		FA5C590A2B56AC5E005073D3 /* CityWeatherModuleConfigurator.swift */ = {isa = PBXFileReference; lastKnownFileType = sourcecode.swift; path = CityWeatherModuleConfigurator.swift; sourceTree = "<group>"; };
		FA5C590C2B56AD30005073D3 /* CityWeatherModuleOutput.swift */ = {isa = PBXFileReference; lastKnownFileType = sourcecode.swift; path = CityWeatherModuleOutput.swift; sourceTree = "<group>"; };
		FA5C590E2B56AD47005073D3 /* CityWeatherModuleInput.swift */ = {isa = PBXFileReference; lastKnownFileType = sourcecode.swift; path = CityWeatherModuleInput.swift; sourceTree = "<group>"; };
		FA5C59122B56AD86005073D3 /* CityWeatherPresenterModel.swift */ = {isa = PBXFileReference; lastKnownFileType = sourcecode.swift; path = CityWeatherPresenterModel.swift; sourceTree = "<group>"; };
		FA5C59142B56AE00005073D3 /* CityWeatherRouterInput.swift */ = {isa = PBXFileReference; lastKnownFileType = sourcecode.swift; path = CityWeatherRouterInput.swift; sourceTree = "<group>"; };
		FA5C59162B56AE7A005073D3 /* CityWeatherViewInput.swift */ = {isa = PBXFileReference; lastKnownFileType = sourcecode.swift; path = CityWeatherViewInput.swift; sourceTree = "<group>"; };
		FA5C59182B56AE89005073D3 /* CityWeatherViewOutput.swift */ = {isa = PBXFileReference; lastKnownFileType = sourcecode.swift; path = CityWeatherViewOutput.swift; sourceTree = "<group>"; };
		FA798B5A2B520B3300977816 /* StandartButton.swift */ = {isa = PBXFileReference; lastKnownFileType = sourcecode.swift; path = StandartButton.swift; sourceTree = "<group>"; };
		FA798B5C2B520B4500977816 /* StandartTextField.swift */ = {isa = PBXFileReference; lastKnownFileType = sourcecode.swift; path = StandartTextField.swift; sourceTree = "<group>"; };
		FA798B5F2B52BC2D00977816 /* UIColor + Extension.swift */ = {isa = PBXFileReference; lastKnownFileType = sourcecode.swift; path = "UIColor + Extension.swift"; sourceTree = "<group>"; };
		FA798B652B544A2800977816 /* UIViewController + Extension.swift */ = {isa = PBXFileReference; lastKnownFileType = sourcecode.swift; path = "UIViewController + Extension.swift"; sourceTree = "<group>"; };
		FAAEF8392B51FEED00AF1A7D /* SceneDelegate.swift */ = {isa = PBXFileReference; lastKnownFileType = sourcecode.swift; path = SceneDelegate.swift; sourceTree = "<group>"; };
		FADBCA9B2AA39E4B00A28511 /* WeatherApp.app */ = {isa = PBXFileReference; explicitFileType = wrapper.application; includeInIndex = 0; path = WeatherApp.app; sourceTree = BUILT_PRODUCTS_DIR; };
		FADBCA9E2AA39E4B00A28511 /* AppDelegate.swift */ = {isa = PBXFileReference; lastKnownFileType = sourcecode.swift; path = AppDelegate.swift; sourceTree = "<group>"; };
		FADBCAA22AA39E4B00A28511 /* CityViewController.swift */ = {isa = PBXFileReference; lastKnownFileType = sourcecode.swift; path = CityViewController.swift; sourceTree = "<group>"; };
		FADBCAA52AA39E4B00A28511 /* Base */ = {isa = PBXFileReference; lastKnownFileType = file.storyboard; name = Base; path = Base.lproj/Main.storyboard; sourceTree = "<group>"; };
		FADBCAA72AA39E4C00A28511 /* Assets.xcassets */ = {isa = PBXFileReference; lastKnownFileType = folder.assetcatalog; path = Assets.xcassets; sourceTree = "<group>"; };
		FADBCAAA2AA39E4C00A28511 /* Base */ = {isa = PBXFileReference; lastKnownFileType = file.storyboard; name = Base; path = Base.lproj/LaunchScreen.storyboard; sourceTree = "<group>"; };
		FADBCAAC2AA39E4C00A28511 /* Info.plist */ = {isa = PBXFileReference; lastKnownFileType = text.plist.xml; path = Info.plist; sourceTree = "<group>"; };
		FADBCABB2AA3E65A00A28511 /* CityModuleConfigurator.swift */ = {isa = PBXFileReference; lastKnownFileType = sourcecode.swift; path = CityModuleConfigurator.swift; sourceTree = "<group>"; };
		FADBCABD2AA3ED7600A28511 /* CityModuleOutput.swift */ = {isa = PBXFileReference; lastKnownFileType = sourcecode.swift; path = CityModuleOutput.swift; sourceTree = "<group>"; };
		FADBCABF2AA3EE6300A28511 /* CityRouter.swift */ = {isa = PBXFileReference; lastKnownFileType = sourcecode.swift; path = CityRouter.swift; sourceTree = "<group>"; };
		FADBCAC12AA4D35E00A28511 /* CityViewInput.swift */ = {isa = PBXFileReference; lastKnownFileType = sourcecode.swift; path = CityViewInput.swift; sourceTree = "<group>"; };
		FADBCAC32AA4D37100A28511 /* CityViewOutput.swift */ = {isa = PBXFileReference; lastKnownFileType = sourcecode.swift; path = CityViewOutput.swift; sourceTree = "<group>"; };
		FADBCAC72AA4D3DF00A28511 /* CityPresenterModel.swift */ = {isa = PBXFileReference; lastKnownFileType = sourcecode.swift; path = CityPresenterModel.swift; sourceTree = "<group>"; };
		FADBCAC92AA4D4D300A28511 /* CityRouterInput.swift */ = {isa = PBXFileReference; lastKnownFileType = sourcecode.swift; path = CityRouterInput.swift; sourceTree = "<group>"; };
		FADBCACB2AA4E8A600A28511 /* CityPresenter.swift */ = {isa = PBXFileReference; lastKnownFileType = sourcecode.swift; path = CityPresenter.swift; sourceTree = "<group>"; };
		FADBCACD2AA4EBCB00A28511 /* CityModuleInput.swift */ = {isa = PBXFileReference; lastKnownFileType = sourcecode.swift; path = CityModuleInput.swift; sourceTree = "<group>"; };
		FAFFD6422B557EA0008542A3 /* CitiesCollectionViewAdapter.swift */ = {isa = PBXFileReference; lastKnownFileType = sourcecode.swift; path = CitiesCollectionViewAdapter.swift; sourceTree = "<group>"; };
		FAFFD6442B557F07008542A3 /* CitiesCollectionViewAdapterOutput.swift */ = {isa = PBXFileReference; lastKnownFileType = sourcecode.swift; path = CitiesCollectionViewAdapterOutput.swift; sourceTree = "<group>"; };
		FAFFD6472B5584FC008542A3 /* CityCollectionViewCell.swift */ = {isa = PBXFileReference; lastKnownFileType = sourcecode.swift; path = CityCollectionViewCell.swift; sourceTree = "<group>"; };
		FAFFD6492B5587A3008542A3 /* CollectioViewCellProtocol.swift */ = {isa = PBXFileReference; lastKnownFileType = sourcecode.swift; path = CollectioViewCellProtocol.swift; sourceTree = "<group>"; };
/* End PBXFileReference section */

/* Begin PBXFrameworksBuildPhase section */
		FADBCA982AA39E4B00A28511 /* Frameworks */ = {
			isa = PBXFrameworksBuildPhase;
			buildActionMask = 2147483647;
			files = (
			);
			runOnlyForDeploymentPostprocessing = 0;
		};
/* End PBXFrameworksBuildPhase section */

/* Begin PBXGroup section */
		FA5C58FF2B56AB6D005073D3 /* CityWeather */ = {
			isa = PBXGroup;
			children = (
				FA5C59002B56AB8D005073D3 /* Configurator */,
				FA5C59012B56AB97005073D3 /* Presenter */,
				FA5C59022B56AB9F005073D3 /* Router */,
				FA5C59032B56ABA7005073D3 /* View */,
			);
			path = CityWeather;
			sourceTree = "<group>";
		};
		FA5C59002B56AB8D005073D3 /* Configurator */ = {
			isa = PBXGroup;
			children = (
				FA5C590A2B56AC5E005073D3 /* CityWeatherModuleConfigurator.swift */,
			);
			path = Configurator;
			sourceTree = "<group>";
		};
		FA5C59012B56AB97005073D3 /* Presenter */ = {
			isa = PBXGroup;
			children = (
				FA5C59112B56AD6A005073D3 /* Support */,
				FA5C59062B56AC2F005073D3 /* CityWeatherPresenter.swift */,
				FA5C590C2B56AD30005073D3 /* CityWeatherModuleOutput.swift */,
				FA5C590E2B56AD47005073D3 /* CityWeatherModuleInput.swift */,
			);
			path = Presenter;
			sourceTree = "<group>";
		};
		FA5C59022B56AB9F005073D3 /* Router */ = {
			isa = PBXGroup;
			children = (
				FA5C59082B56AC46005073D3 /* CityWeatherRouter.swift */,
				FA5C59142B56AE00005073D3 /* CityWeatherRouterInput.swift */,
			);
			path = Router;
			sourceTree = "<group>";
		};
		FA5C59032B56ABA7005073D3 /* View */ = {
			isa = PBXGroup;
			children = (
				FA5C59042B56AC04005073D3 /* CityWeatherViewController.swift */,
				FA5C59162B56AE7A005073D3 /* CityWeatherViewInput.swift */,
				FA5C59182B56AE89005073D3 /* CityWeatherViewOutput.swift */,
			);
			path = View;
			sourceTree = "<group>";
		};
		FA5C59102B56AD59005073D3 /* Model */ = {
			isa = PBXGroup;
			children = (
				FA5C59122B56AD86005073D3 /* CityWeatherPresenterModel.swift */,
			);
			path = Model;
			sourceTree = "<group>";
		};
		FA5C59112B56AD6A005073D3 /* Support */ = {
			isa = PBXGroup;
			children = (
				FA5C59102B56AD59005073D3 /* Model */,
			);
			path = Support;
			sourceTree = "<group>";
		};
		FA798B592B520B1B00977816 /* Base UI */ = {
			isa = PBXGroup;
			children = (
				FA798B5A2B520B3300977816 /* StandartButton.swift */,
				FA798B5C2B520B4500977816 /* StandartTextField.swift */,
			);
			path = "Base UI";
			sourceTree = "<group>";
		};
		FA798B5E2B52BC1600977816 /* UI + Extensions */ = {
			isa = PBXGroup;
			children = (
				FA798B5F2B52BC2D00977816 /* UIColor + Extension.swift */,
				FA798B652B544A2800977816 /* UIViewController + Extension.swift */,
			);
			path = "UI + Extensions";
			sourceTree = "<group>";
		};
		FADBCA922AA39E4A00A28511 = {
			isa = PBXGroup;
			children = (
				FADBCA9D2AA39E4B00A28511 /* WeatherApp */,
				FADBCA9C2AA39E4B00A28511 /* Products */,
			);
			sourceTree = "<group>";
		};
		FADBCA9C2AA39E4B00A28511 /* Products */ = {
			isa = PBXGroup;
			children = (
				FADBCA9B2AA39E4B00A28511 /* WeatherApp.app */,
			);
			name = Products;
			sourceTree = "<group>";
		};
		FADBCA9D2AA39E4B00A28511 /* WeatherApp */ = {
			isa = PBXGroup;
			children = (
				FA798B5E2B52BC1600977816 /* UI + Extensions */,
				FA798B592B520B1B00977816 /* Base UI */,
				FADBCAB32AA3CEFB00A28511 /* Application */,
				FADBCAB22AA3C7DB00A28511 /* Screens */,
			);
			path = WeatherApp;
			sourceTree = "<group>";
		};
		FADBCAB22AA3C7DB00A28511 /* Screens */ = {
			isa = PBXGroup;
			children = (
				FADBCAB52AA3E3DC00A28511 /* CityInput */,
				FA5C58FF2B56AB6D005073D3 /* CityWeather */,
				FADBCAA42AA39E4B00A28511 /* Main.storyboard */,
			);
			path = Screens;
			sourceTree = "<group>";
		};
		FADBCAB32AA3CEFB00A28511 /* Application */ = {
			isa = PBXGroup;
			children = (
				FADBCAA72AA39E4C00A28511 /* Assets.xcassets */,
				FADBCA9E2AA39E4B00A28511 /* AppDelegate.swift */,
				FADBCAA92AA39E4C00A28511 /* LaunchScreen.storyboard */,
				FADBCAAC2AA39E4C00A28511 /* Info.plist */,
				FAAEF8392B51FEED00AF1A7D /* SceneDelegate.swift */,
			);
			path = Application;
			sourceTree = "<group>";
		};
		FADBCAB42AA3D22C00A28511 /* View */ = {
			isa = PBXGroup;
			children = (
				FAFFD6412B557E7B008542A3 /* CitiesCollectionView */,
				FADBCAA22AA39E4B00A28511 /* CityViewController.swift */,
				FADBCAC12AA4D35E00A28511 /* CityViewInput.swift */,
				FADBCAC32AA4D37100A28511 /* CityViewOutput.swift */,
			);
			path = View;
			sourceTree = "<group>";
		};
		FADBCAB52AA3E3DC00A28511 /* CityInput */ = {
			isa = PBXGroup;
			children = (
				FADBCAB62AA3E3FB00A28511 /* Configurator */,
				FADBCAB82AA3E40B00A28511 /* Preseter */,
				FADBCAB92AA3E43B00A28511 /* Router */,
				FADBCAB42AA3D22C00A28511 /* View */,
			);
			path = CityInput;
			sourceTree = "<group>";
		};
		FADBCAB62AA3E3FB00A28511 /* Configurator */ = {
			isa = PBXGroup;
			children = (
				FADBCABB2AA3E65A00A28511 /* CityModuleConfigurator.swift */,
			);
			path = Configurator;
			sourceTree = "<group>";
		};
		FADBCAB82AA3E40B00A28511 /* Preseter */ = {
			isa = PBXGroup;
			children = (
				FADBCAC52AA4D3AB00A28511 /* Support */,
				FADBCABD2AA3ED7600A28511 /* CityModuleOutput.swift */,
				FADBCACB2AA4E8A600A28511 /* CityPresenter.swift */,
				FADBCACD2AA4EBCB00A28511 /* CityModuleInput.swift */,
			);
			path = Preseter;
			sourceTree = "<group>";
		};
		FADBCAB92AA3E43B00A28511 /* Router */ = {
			isa = PBXGroup;
			children = (
				FADBCABF2AA3EE6300A28511 /* CityRouter.swift */,
				FADBCAC92AA4D4D300A28511 /* CityRouterInput.swift */,
			);
			path = Router;
			sourceTree = "<group>";
		};
		FADBCAC52AA4D3AB00A28511 /* Support */ = {
			isa = PBXGroup;
			children = (
				FADBCAC62AA4D3CE00A28511 /* Model */,
			);
			path = Support;
			sourceTree = "<group>";
		};
		FADBCAC62AA4D3CE00A28511 /* Model */ = {
			isa = PBXGroup;
			children = (
				FADBCAC72AA4D3DF00A28511 /* CityPresenterModel.swift */,
			);
			path = Model;
			sourceTree = "<group>";
		};
		FAFFD6412B557E7B008542A3 /* CitiesCollectionView */ = {
			isa = PBXGroup;
			children = (
				FAFFD6462B557F6E008542A3 /* Adapter */,
				FAFFD6472B5584FC008542A3 /* CityCollectionViewCell.swift */,
			);
			path = CitiesCollectionView;
			sourceTree = "<group>";
		};
		FAFFD6462B557F6E008542A3 /* Adapter */ = {
			isa = PBXGroup;
			children = (
				FAFFD6422B557EA0008542A3 /* CitiesCollectionViewAdapter.swift */,
				FAFFD6442B557F07008542A3 /* CitiesCollectionViewAdapterOutput.swift */,
				FAFFD6492B5587A3008542A3 /* CollectioViewCellProtocol.swift */,
			);
			path = Adapter;
			sourceTree = "<group>";
		};
/* End PBXGroup section */

/* Begin PBXNativeTarget section */
		FADBCA9A2AA39E4B00A28511 /* WeatherApp */ = {
			isa = PBXNativeTarget;
			buildConfigurationList = FADBCAAF2AA39E4C00A28511 /* Build configuration list for PBXNativeTarget "WeatherApp" */;
			buildPhases = (
				FADBCA972AA39E4B00A28511 /* Sources */,
				FADBCA982AA39E4B00A28511 /* Frameworks */,
				FADBCA992AA39E4B00A28511 /* Resources */,
			);
			buildRules = (
			);
			dependencies = (
			);
			name = WeatherApp;
			productName = WeatherApp;
			productReference = FADBCA9B2AA39E4B00A28511 /* WeatherApp.app */;
			productType = "com.apple.product-type.application";
		};
/* End PBXNativeTarget section */

/* Begin PBXProject section */
		FADBCA932AA39E4A00A28511 /* Project object */ = {
			isa = PBXProject;
			attributes = {
				BuildIndependentTargetsInParallel = 1;
				LastSwiftUpdateCheck = 1430;
				LastUpgradeCheck = 1430;
				TargetAttributes = {
					FADBCA9A2AA39E4B00A28511 = {
						CreatedOnToolsVersion = 14.3.1;
					};
				};
			};
			buildConfigurationList = FADBCA962AA39E4A00A28511 /* Build configuration list for PBXProject "WeatherApp" */;
			compatibilityVersion = "Xcode 14.0";
			developmentRegion = en;
			hasScannedForEncodings = 0;
			knownRegions = (
				en,
				Base,
			);
			mainGroup = FADBCA922AA39E4A00A28511;
			productRefGroup = FADBCA9C2AA39E4B00A28511 /* Products */;
			projectDirPath = "";
			projectRoot = "";
			targets = (
				FADBCA9A2AA39E4B00A28511 /* WeatherApp */,
			);
		};
/* End PBXProject section */

/* Begin PBXResourcesBuildPhase section */
		FADBCA992AA39E4B00A28511 /* Resources */ = {
			isa = PBXResourcesBuildPhase;
			buildActionMask = 2147483647;
			files = (
				FADBCAAB2AA39E4C00A28511 /* LaunchScreen.storyboard in Resources */,
				FADBCAA82AA39E4C00A28511 /* Assets.xcassets in Resources */,
				FADBCAA62AA39E4B00A28511 /* Main.storyboard in Resources */,
			);
			runOnlyForDeploymentPostprocessing = 0;
		};
/* End PBXResourcesBuildPhase section */

/* Begin PBXSourcesBuildPhase section */
		FADBCA972AA39E4B00A28511 /* Sources */ = {
			isa = PBXSourcesBuildPhase;
			buildActionMask = 2147483647;
			files = (
				FA5C590B2B56AC5E005073D3 /* CityWeatherModuleConfigurator.swift in Sources */,
				FA5C59132B56AD86005073D3 /* CityWeatherPresenterModel.swift in Sources */,
				FADBCABC2AA3E65A00A28511 /* CityModuleConfigurator.swift in Sources */,
				FADBCABE2AA3ED7600A28511 /* CityModuleOutput.swift in Sources */,
				FA798B5D2B520B4500977816 /* StandartTextField.swift in Sources */,
				FADBCACA2AA4D4D300A28511 /* CityRouterInput.swift in Sources */,
				FADBCAC22AA4D35E00A28511 /* CityViewInput.swift in Sources */,
				FAFFD6432B557EA0008542A3 /* CitiesCollectionViewAdapter.swift in Sources */,
				FADBCAC02AA3EE6300A28511 /* CityRouter.swift in Sources */,
				FA5C59152B56AE00005073D3 /* CityWeatherRouterInput.swift in Sources */,
				FADBCAC42AA4D37100A28511 /* CityViewOutput.swift in Sources */,
				FAFFD6452B557F07008542A3 /* CitiesCollectionViewAdapterOutput.swift in Sources */,
				FAFFD64A2B5587A3008542A3 /* CollectioViewCellProtocol.swift in Sources */,
				FA5C590D2B56AD30005073D3 /* CityWeatherModuleOutput.swift in Sources */,
				FADBCAC82AA4D3DF00A28511 /* CityPresenterModel.swift in Sources */,
				FADBCACE2AA4EBCB00A28511 /* CityModuleInput.swift in Sources */,
				FA798B602B52BC2D00977816 /* UIColor + Extension.swift in Sources */,
				FA5C59172B56AE7A005073D3 /* CityWeatherViewInput.swift in Sources */,
				FA798B662B544A2800977816 /* UIViewController + Extension.swift in Sources */,
				FA5C59072B56AC2F005073D3 /* CityWeatherPresenter.swift in Sources */,
				FADBCACC2AA4E8A600A28511 /* CityPresenter.swift in Sources */,
				FADBCAA32AA39E4B00A28511 /* CityViewController.swift in Sources */,
				FAFFD6482B5584FC008542A3 /* CityCollectionViewCell.swift in Sources */,
				FA798B5B2B520B3300977816 /* StandartButton.swift in Sources */,
				FA5C59092B56AC46005073D3 /* CityWeatherRouter.swift in Sources */,
				FA5C59052B56AC04005073D3 /* CityWeatherViewController.swift in Sources */,
				FADBCA9F2AA39E4B00A28511 /* AppDelegate.swift in Sources */,
				FA5C59192B56AE89005073D3 /* CityWeatherViewOutput.swift in Sources */,
				FA5C590F2B56AD47005073D3 /* CityWeatherModuleInput.swift in Sources */,
				FAAEF83A2B51FEED00AF1A7D /* SceneDelegate.swift in Sources */,
			);
			runOnlyForDeploymentPostprocessing = 0;
		};
/* End PBXSourcesBuildPhase section */

/* Begin PBXVariantGroup section */
		FADBCAA42AA39E4B00A28511 /* Main.storyboard */ = {
			isa = PBXVariantGroup;
			children = (
				FADBCAA52AA39E4B00A28511 /* Base */,
			);
			name = Main.storyboard;
			sourceTree = "<group>";
		};
		FADBCAA92AA39E4C00A28511 /* LaunchScreen.storyboard */ = {
			isa = PBXVariantGroup;
			children = (
				FADBCAAA2AA39E4C00A28511 /* Base */,
			);
			name = LaunchScreen.storyboard;
			sourceTree = "<group>";
		};
/* End PBXVariantGroup section */

/* Begin XCBuildConfiguration section */
		FADBCAAD2AA39E4C00A28511 /* Debug */ = {
			isa = XCBuildConfiguration;
			buildSettings = {
				ALWAYS_SEARCH_USER_PATHS = NO;
				ASSETCATALOG_COMPILER_GLOBAL_ACCENT_COLOR_NAME = accentColor;
				CLANG_ANALYZER_NONNULL = YES;
				CLANG_ANALYZER_NUMBER_OBJECT_CONVERSION = YES_AGGRESSIVE;
				CLANG_CXX_LANGUAGE_STANDARD = "gnu++20";
				CLANG_ENABLE_MODULES = YES;
				CLANG_ENABLE_OBJC_ARC = YES;
				CLANG_ENABLE_OBJC_WEAK = YES;
				CLANG_WARN_BLOCK_CAPTURE_AUTORELEASING = YES;
				CLANG_WARN_BOOL_CONVERSION = YES;
				CLANG_WARN_COMMA = YES;
				CLANG_WARN_CONSTANT_CONVERSION = YES;
				CLANG_WARN_DEPRECATED_OBJC_IMPLEMENTATIONS = YES;
				CLANG_WARN_DIRECT_OBJC_ISA_USAGE = YES_ERROR;
				CLANG_WARN_DOCUMENTATION_COMMENTS = YES;
				CLANG_WARN_EMPTY_BODY = YES;
				CLANG_WARN_ENUM_CONVERSION = YES;
				CLANG_WARN_INFINITE_RECURSION = YES;
				CLANG_WARN_INT_CONVERSION = YES;
				CLANG_WARN_NON_LITERAL_NULL_CONVERSION = YES;
				CLANG_WARN_OBJC_IMPLICIT_RETAIN_SELF = YES;
				CLANG_WARN_OBJC_LITERAL_CONVERSION = YES;
				CLANG_WARN_OBJC_ROOT_CLASS = YES_ERROR;
				CLANG_WARN_QUOTED_INCLUDE_IN_FRAMEWORK_HEADER = YES;
				CLANG_WARN_RANGE_LOOP_ANALYSIS = YES;
				CLANG_WARN_STRICT_PROTOTYPES = YES;
				CLANG_WARN_SUSPICIOUS_MOVE = YES;
				CLANG_WARN_UNGUARDED_AVAILABILITY = YES_AGGRESSIVE;
				CLANG_WARN_UNREACHABLE_CODE = YES;
				CLANG_WARN__DUPLICATE_METHOD_MATCH = YES;
				COPY_PHASE_STRIP = NO;
				DEBUG_INFORMATION_FORMAT = dwarf;
				ENABLE_STRICT_OBJC_MSGSEND = YES;
				ENABLE_TESTABILITY = YES;
				GCC_C_LANGUAGE_STANDARD = gnu11;
				GCC_DYNAMIC_NO_PIC = NO;
				GCC_NO_COMMON_BLOCKS = YES;
				GCC_OPTIMIZATION_LEVEL = 0;
				GCC_PREPROCESSOR_DEFINITIONS = (
					"DEBUG=1",
					"$(inherited)",
				);
				GCC_WARN_64_TO_32_BIT_CONVERSION = YES;
				GCC_WARN_ABOUT_RETURN_TYPE = YES_ERROR;
				GCC_WARN_UNDECLARED_SELECTOR = YES;
				GCC_WARN_UNINITIALIZED_AUTOS = YES_AGGRESSIVE;
				GCC_WARN_UNUSED_FUNCTION = YES;
				GCC_WARN_UNUSED_VARIABLE = YES;
				IPHONEOS_DEPLOYMENT_TARGET = 16.4;
				MTL_ENABLE_DEBUG_INFO = INCLUDE_SOURCE;
				MTL_FAST_MATH = YES;
				ONLY_ACTIVE_ARCH = YES;
				SDKROOT = iphoneos;
				SWIFT_ACTIVE_COMPILATION_CONDITIONS = DEBUG;
				SWIFT_OPTIMIZATION_LEVEL = "-Onone";
			};
			name = Debug;
		};
		FADBCAAE2AA39E4C00A28511 /* Release */ = {
			isa = XCBuildConfiguration;
			buildSettings = {
				ALWAYS_SEARCH_USER_PATHS = NO;
				ASSETCATALOG_COMPILER_GLOBAL_ACCENT_COLOR_NAME = accentColor;
				CLANG_ANALYZER_NONNULL = YES;
				CLANG_ANALYZER_NUMBER_OBJECT_CONVERSION = YES_AGGRESSIVE;
				CLANG_CXX_LANGUAGE_STANDARD = "gnu++20";
				CLANG_ENABLE_MODULES = YES;
				CLANG_ENABLE_OBJC_ARC = YES;
				CLANG_ENABLE_OBJC_WEAK = YES;
				CLANG_WARN_BLOCK_CAPTURE_AUTORELEASING = YES;
				CLANG_WARN_BOOL_CONVERSION = YES;
				CLANG_WARN_COMMA = YES;
				CLANG_WARN_CONSTANT_CONVERSION = YES;
				CLANG_WARN_DEPRECATED_OBJC_IMPLEMENTATIONS = YES;
				CLANG_WARN_DIRECT_OBJC_ISA_USAGE = YES_ERROR;
				CLANG_WARN_DOCUMENTATION_COMMENTS = YES;
				CLANG_WARN_EMPTY_BODY = YES;
				CLANG_WARN_ENUM_CONVERSION = YES;
				CLANG_WARN_INFINITE_RECURSION = YES;
				CLANG_WARN_INT_CONVERSION = YES;
				CLANG_WARN_NON_LITERAL_NULL_CONVERSION = YES;
				CLANG_WARN_OBJC_IMPLICIT_RETAIN_SELF = YES;
				CLANG_WARN_OBJC_LITERAL_CONVERSION = YES;
				CLANG_WARN_OBJC_ROOT_CLASS = YES_ERROR;
				CLANG_WARN_QUOTED_INCLUDE_IN_FRAMEWORK_HEADER = YES;
				CLANG_WARN_RANGE_LOOP_ANALYSIS = YES;
				CLANG_WARN_STRICT_PROTOTYPES = YES;
				CLANG_WARN_SUSPICIOUS_MOVE = YES;
				CLANG_WARN_UNGUARDED_AVAILABILITY = YES_AGGRESSIVE;
				CLANG_WARN_UNREACHABLE_CODE = YES;
				CLANG_WARN__DUPLICATE_METHOD_MATCH = YES;
				COPY_PHASE_STRIP = NO;
				DEBUG_INFORMATION_FORMAT = "dwarf-with-dsym";
				ENABLE_NS_ASSERTIONS = NO;
				ENABLE_STRICT_OBJC_MSGSEND = YES;
				GCC_C_LANGUAGE_STANDARD = gnu11;
				GCC_NO_COMMON_BLOCKS = YES;
				GCC_WARN_64_TO_32_BIT_CONVERSION = YES;
				GCC_WARN_ABOUT_RETURN_TYPE = YES_ERROR;
				GCC_WARN_UNDECLARED_SELECTOR = YES;
				GCC_WARN_UNINITIALIZED_AUTOS = YES_AGGRESSIVE;
				GCC_WARN_UNUSED_FUNCTION = YES;
				GCC_WARN_UNUSED_VARIABLE = YES;
				IPHONEOS_DEPLOYMENT_TARGET = 16.4;
				MTL_ENABLE_DEBUG_INFO = NO;
				MTL_FAST_MATH = YES;
				SDKROOT = iphoneos;
				SWIFT_COMPILATION_MODE = wholemodule;
				SWIFT_OPTIMIZATION_LEVEL = "-O";
				VALIDATE_PRODUCT = YES;
			};
			name = Release;
		};
		FADBCAB02AA39E4C00A28511 /* Debug */ = {
			isa = XCBuildConfiguration;
			buildSettings = {
				ASSETCATALOG_COMPILER_APPICON_NAME = AppIcon;
				ASSETCATALOG_COMPILER_GLOBAL_ACCENT_COLOR_NAME = AccentColor;
				CODE_SIGN_STYLE = Automatic;
				CURRENT_PROJECT_VERSION = 1;
				DEVELOPMENT_TEAM = 2A8FN782JR;
				GENERATE_INFOPLIST_FILE = YES;
				INFOPLIST_FILE = WeatherApp/Application/Info.plist;
				INFOPLIST_KEY_UIApplicationSupportsIndirectInputEvents = YES;
				INFOPLIST_KEY_UILaunchStoryboardName = LaunchScreen;
				INFOPLIST_KEY_UISupportedInterfaceOrientations_iPad = "UIInterfaceOrientationPortrait UIInterfaceOrientationPortraitUpsideDown UIInterfaceOrientationLandscapeLeft UIInterfaceOrientationLandscapeRight";
				INFOPLIST_KEY_UISupportedInterfaceOrientations_iPhone = "UIInterfaceOrientationPortrait UIInterfaceOrientationLandscapeLeft UIInterfaceOrientationLandscapeRight";
				LD_RUNPATH_SEARCH_PATHS = (
					"$(inherited)",
					"@executable_path/Frameworks",
				);
				MARKETING_VERSION = 1.0;
				PRODUCT_BUNDLE_IDENTIFIER = com.jokok.WeatherApp;
				PRODUCT_NAME = "$(TARGET_NAME)";
				SWIFT_EMIT_LOC_STRINGS = YES;
				SWIFT_VERSION = 5.0;
				TARGETED_DEVICE_FAMILY = "1,2";
			};
			name = Debug;
		};
		FADBCAB12AA39E4C00A28511 /* Release */ = {
			isa = XCBuildConfiguration;
			buildSettings = {
				ASSETCATALOG_COMPILER_APPICON_NAME = AppIcon;
				ASSETCATALOG_COMPILER_GLOBAL_ACCENT_COLOR_NAME = AccentColor;
				CODE_SIGN_STYLE = Automatic;
				CURRENT_PROJECT_VERSION = 1;
				DEVELOPMENT_TEAM = 2A8FN782JR;
				GENERATE_INFOPLIST_FILE = YES;
				INFOPLIST_FILE = WeatherApp/Application/Info.plist;
				INFOPLIST_KEY_UIApplicationSupportsIndirectInputEvents = YES;
				INFOPLIST_KEY_UILaunchStoryboardName = LaunchScreen;
				INFOPLIST_KEY_UISupportedInterfaceOrientations_iPad = "UIInterfaceOrientationPortrait UIInterfaceOrientationPortraitUpsideDown UIInterfaceOrientationLandscapeLeft UIInterfaceOrientationLandscapeRight";
				INFOPLIST_KEY_UISupportedInterfaceOrientations_iPhone = "UIInterfaceOrientationPortrait UIInterfaceOrientationLandscapeLeft UIInterfaceOrientationLandscapeRight";
				LD_RUNPATH_SEARCH_PATHS = (
					"$(inherited)",
					"@executable_path/Frameworks",
				);
				MARKETING_VERSION = 1.0;
				PRODUCT_BUNDLE_IDENTIFIER = com.jokok.WeatherApp;
				PRODUCT_NAME = "$(TARGET_NAME)";
				SWIFT_EMIT_LOC_STRINGS = YES;
				SWIFT_VERSION = 5.0;
				TARGETED_DEVICE_FAMILY = "1,2";
			};
			name = Release;
		};
/* End XCBuildConfiguration section */

/* Begin XCConfigurationList section */
		FADBCA962AA39E4A00A28511 /* Build configuration list for PBXProject "WeatherApp" */ = {
			isa = XCConfigurationList;
			buildConfigurations = (
				FADBCAAD2AA39E4C00A28511 /* Debug */,
				FADBCAAE2AA39E4C00A28511 /* Release */,
			);
			defaultConfigurationIsVisible = 0;
			defaultConfigurationName = Release;
		};
		FADBCAAF2AA39E4C00A28511 /* Build configuration list for PBXNativeTarget "WeatherApp" */ = {
			isa = XCConfigurationList;
			buildConfigurations = (
				FADBCAB02AA39E4C00A28511 /* Debug */,
				FADBCAB12AA39E4C00A28511 /* Release */,
			);
			defaultConfigurationIsVisible = 0;
			defaultConfigurationName = Release;
		};
/* End XCConfigurationList section */
	};
	rootObject = FADBCA932AA39E4A00A28511 /* Project object */;
}
